
Microsoft Visual Studio Solution File, Format Version 12.00
# Visual Studio 15
VisualStudioVersion = 15.0.27703.2026
MinimumVisualStudioVersion = 10.0.40219.1
Project("{8BC9CEB8-8B4A-11D0-8D11-00A0C91BC942}") = "EncoderTestA", "EncoderTestA.vcxproj", "{9384E454-EC4C-4D08-8BE0-164D80953D69}"
	ProjectSection(ProjectDependencies) = postProject
		{DEBCAB2A-0359-49F0-A2FB-646AEC0CF40D} = {DEBCAB2A-0359-49F0-A2FB-646AEC0CF40D}
	EndProjectSection
EndProject
Project("{8BC9CEB8-8B4A-11D0-8D11-00A0C91BC942}") = "001_EncoderA", "..\..\Src\001_Encoder\001_EncoderA.vcxproj", "{D7661B3A-D5D6-410E-AC94-70460FE10EF0}"
EndProject
Project("{8BC9CEB8-8B4A-11D0-8D11-00A0C91BC942}") = "000_StringA", "..\..\Src\000_String\000_StringA.vcxproj", "{BE946C73-6F61-42EF-9541-0C85A20223CA}"
EndProject
Project("{8BC9CEB8-8B4A-11D0-8D11-00A0C91BC942}") = "000_StringW", "..\..\Src\000_String\000_StringW.vcxproj", "{499998BB-EF1F-4919-8A9F-685B2538F9F1}"
EndProject
Project("{8BC9CEB8-8B4A-11D0-8D11-00A0C91BC942}") = "EncoderTestW", "EncoderTestW.vcxproj", "{A3FABCA7-30ED-48A7-8B0C-0ABD4E85CA95}"
EndProject
Project("{8BC9CEB8-8B4A-11D0-8D11-00A0C91BC942}") = "001_EncoderW", "..\..\Src\001_Encoder\001_EncoderW.vcxproj", "{DEBCAB2A-0359-49F0-A2FB-646AEC0CF40D}"
EndProject
Global
	GlobalSection(SolutionConfigurationPlatforms) = preSolution
		Debug|x64 = Debug|x64
		Debug|x86 = Debug|x86
		DebugMT|x64 = DebugMT|x64
		DebugMT|x86 = DebugMT|x86
		Release|x64 = Release|x64
		Release|x86 = Release|x86
		ReleaseMT|x64 = ReleaseMT|x64
		ReleaseMT|x86 = ReleaseMT|x86
	EndGlobalSection
	GlobalSection(ProjectConfigurationPlatforms) = postSolution
		{9384E454-EC4C-4D08-8BE0-164D80953D69}.Debug|x64.ActiveCfg = Debug|x64
		{9384E454-EC4C-4D08-8BE0-164D80953D69}.Debug|x64.Build.0 = Debug|x64
		{9384E454-EC4C-4D08-8BE0-164D80953D69}.Debug|x86.ActiveCfg = Debug|Win32
		{9384E454-EC4C-4D08-8BE0-164D80953D69}.Debug|x86.Build.0 = Debug|Win32
		{9384E454-EC4C-4D08-8BE0-164D80953D69}.DebugMT|x64.ActiveCfg = DebugMT|x64
		{9384E454-EC4C-4D08-8BE0-164D80953D69}.DebugMT|x64.Build.0 = DebugMT|x64
		{9384E454-EC4C-4D08-8BE0-164D80953D69}.DebugMT|x86.ActiveCfg = DebugMT|Win32
		{9384E454-EC4C-4D08-8BE0-164D80953D69}.DebugMT|x86.Build.0 = DebugMT|Win32
		{9384E454-EC4C-4D08-8BE0-164D80953D69}.Release|x64.ActiveCfg = Release|x64
		{9384E454-EC4C-4D08-8BE0-164D80953D69}.Release|x64.Build.0 = Release|x64
		{9384E454-EC4C-4D08-8BE0-164D80953D69}.Release|x86.ActiveCfg = Release|Win32
		{9384E454-EC4C-4D08-8BE0-164D80953D69}.Release|x86.Build.0 = Release|Win32
		{9384E454-EC4C-4D08-8BE0-164D80953D69}.ReleaseMT|x64.ActiveCfg = ReleaseMT|x64
		{9384E454-EC4C-4D08-8BE0-164D80953D69}.ReleaseMT|x64.Build.0 = ReleaseMT|x64
		{9384E454-EC4C-4D08-8BE0-164D80953D69}.ReleaseMT|x86.ActiveCfg = ReleaseMT|Win32
		{9384E454-EC4C-4D08-8BE0-164D80953D69}.ReleaseMT|x86.Build.0 = ReleaseMT|Win32
		{D7661B3A-D5D6-410E-AC94-70460FE10EF0}.Debug|x64.ActiveCfg = Debug|x64
		{D7661B3A-D5D6-410E-AC94-70460FE10EF0}.Debug|x64.Build.0 = Debug|x64
		{D7661B3A-D5D6-410E-AC94-70460FE10EF0}.Debug|x86.ActiveCfg = Debug|Win32
		{D7661B3A-D5D6-410E-AC94-70460FE10EF0}.Debug|x86.Build.0 = Debug|Win32
		{D7661B3A-D5D6-410E-AC94-70460FE10EF0}.DebugMT|x64.ActiveCfg = DebugMT|x64
		{D7661B3A-D5D6-410E-AC94-70460FE10EF0}.DebugMT|x64.Build.0 = DebugMT|x64
		{D7661B3A-D5D6-410E-AC94-70460FE10EF0}.DebugMT|x86.ActiveCfg = DebugMT|Win32
		{D7661B3A-D5D6-410E-AC94-70460FE10EF0}.DebugMT|x86.Build.0 = DebugMT|Win32
		{D7661B3A-D5D6-410E-AC94-70460FE10EF0}.Release|x64.ActiveCfg = Release|x64
		{D7661B3A-D5D6-410E-AC94-70460FE10EF0}.Release|x64.Build.0 = Release|x64
		{D7661B3A-D5D6-410E-AC94-70460FE10EF0}.Release|x86.ActiveCfg = Release|Win32
		{D7661B3A-D5D6-410E-AC94-70460FE10EF0}.Release|x86.Build.0 = Release|Win32
		{D7661B3A-D5D6-410E-AC94-70460FE10EF0}.ReleaseMT|x64.ActiveCfg = ReleaseMT|x64
		{D7661B3A-D5D6-410E-AC94-70460FE10EF0}.ReleaseMT|x64.Build.0 = ReleaseMT|x64
		{D7661B3A-D5D6-410E-AC94-70460FE10EF0}.ReleaseMT|x86.ActiveCfg = ReleaseMT|Win32
		{D7661B3A-D5D6-410E-AC94-70460FE10EF0}.ReleaseMT|x86.Build.0 = ReleaseMT|Win32
		{BE946C73-6F61-42EF-9541-0C85A20223CA}.Debug|x64.ActiveCfg = Debug|x64
		{BE946C73-6F61-42EF-9541-0C85A20223CA}.Debug|x64.Build.0 = Debug|x64
		{BE946C73-6F61-42EF-9541-0C85A20223CA}.Debug|x86.ActiveCfg = Debug|Win32
		{BE946C73-6F61-42EF-9541-0C85A20223CA}.Debug|x86.Build.0 = Debug|Win32
		{BE946C73-6F61-42EF-9541-0C85A20223CA}.DebugMT|x64.ActiveCfg = DebugMT|x64
		{BE946C73-6F61-42EF-9541-0C85A20223CA}.DebugMT|x64.Build.0 = DebugMT|x64
		{BE946C73-6F61-42EF-9541-0C85A20223CA}.DebugMT|x86.ActiveCfg = DebugMT|Win32
		{BE946C73-6F61-42EF-9541-0C85A20223CA}.DebugMT|x86.Build.0 = DebugMT|Win32
		{BE946C73-6F61-42EF-9541-0C85A20223CA}.Release|x64.ActiveCfg = Release|x64
		{BE946C73-6F61-42EF-9541-0C85A20223CA}.Release|x64.Build.0 = Release|x64
		{BE946C73-6F61-42EF-9541-0C85A20223CA}.Release|x86.ActiveCfg = Release|Win32
		{BE946C73-6F61-42EF-9541-0C85A20223CA}.Release|x86.Build.0 = Release|Win32
		{BE946C73-6F61-42EF-9541-0C85A20223CA}.ReleaseMT|x64.ActiveCfg = ReleaseMT|x64
		{BE946C73-6F61-42EF-9541-0C85A20223CA}.ReleaseMT|x64.Build.0 = ReleaseMT|x64
		{BE946C73-6F61-42EF-9541-0C85A20223CA}.ReleaseMT|x86.ActiveCfg = ReleaseMT|Win32
		{BE946C73-6F61-42EF-9541-0C85A20223CA}.ReleaseMT|x86.Build.0 = ReleaseMT|Win32
		{499998BB-EF1F-4919-8A9F-685B2538F9F1}.Debug|x64.ActiveCfg = Debug|x64
		{499998BB-EF1F-4919-8A9F-685B2538F9F1}.Debug|x64.Build.0 = Debug|x64
		{499998BB-EF1F-4919-8A9F-685B2538F9F1}.Debug|x86.ActiveCfg = Debug|Win32
		{499998BB-EF1F-4919-8A9F-685B2538F9F1}.Debug|x86.Build.0 = Debug|Win32
		{499998BB-EF1F-4919-8A9F-685B2538F9F1}.DebugMT|x64.ActiveCfg = DebugMT|x64
		{499998BB-EF1F-4919-8A9F-685B2538F9F1}.DebugMT|x64.Build.0 = DebugMT|x64
		{499998BB-EF1F-4919-8A9F-685B2538F9F1}.DebugMT|x86.ActiveCfg = DebugMT|Win32
		{499998BB-EF1F-4919-8A9F-685B2538F9F1}.DebugMT|x86.Build.0 = DebugMT|Win32
		{499998BB-EF1F-4919-8A9F-685B2538F9F1}.Release|x64.ActiveCfg = Release|x64
		{499998BB-EF1F-4919-8A9F-685B2538F9F1}.Release|x64.Build.0 = Release|x64
		{499998BB-EF1F-4919-8A9F-685B2538F9F1}.Release|x86.ActiveCfg = Release|Win32
		{499998BB-EF1F-4919-8A9F-685B2538F9F1}.Release|x86.Build.0 = Release|Win32
		{499998BB-EF1F-4919-8A9F-685B2538F9F1}.ReleaseMT|x64.ActiveCfg = ReleaseMT|x64
		{499998BB-EF1F-4919-8A9F-685B2538F9F1}.ReleaseMT|x64.Build.0 = ReleaseMT|x64
		{499998BB-EF1F-4919-8A9F-685B2538F9F1}.ReleaseMT|x86.ActiveCfg = ReleaseMT|Win32
		{499998BB-EF1F-4919-8A9F-685B2538F9F1}.ReleaseMT|x86.Build.0 = ReleaseMT|Win32
		{A3FABCA7-30ED-48A7-8B0C-0ABD4E85CA95}.Debug|x64.ActiveCfg = Debug|x64
		{A3FABCA7-30ED-48A7-8B0C-0ABD4E85CA95}.Debug|x64.Build.0 = Debug|x64
		{A3FABCA7-30ED-48A7-8B0C-0ABD4E85CA95}.Debug|x86.ActiveCfg = Debug|Win32
		{A3FABCA7-30ED-48A7-8B0C-0ABD4E85CA95}.Debug|x86.Build.0 = Debug|Win32
		{A3FABCA7-30ED-48A7-8B0C-0ABD4E85CA95}.DebugMT|x64.ActiveCfg = DebugMT|x64
		{A3FABCA7-30ED-48A7-8B0C-0ABD4E85CA95}.DebugMT|x64.Build.0 = DebugMT|x64
		{A3FABCA7-30ED-48A7-8B0C-0ABD4E85CA95}.DebugMT|x86.ActiveCfg = DebugMT|Win32
		{A3FABCA7-30ED-48A7-8B0C-0ABD4E85CA95}.DebugMT|x86.Build.0 = DebugMT|Win32
		{A3FABCA7-30ED-48A7-8B0C-0ABD4E85CA95}.Release|x64.ActiveCfg = Release|x64
		{A3FABCA7-30ED-48A7-8B0C-0ABD4E85CA95}.Release|x64.Build.0 = Release|x64
		{A3FABCA7-30ED-48A7-8B0C-0ABD4E85CA95}.Release|x86.ActiveCfg = Release|Win32
		{A3FABCA7-30ED-48A7-8B0C-0ABD4E85CA95}.Release|x86.Build.0 = Release|Win32
		{A3FABCA7-30ED-48A7-8B0C-0ABD4E85CA95}.ReleaseMT|x64.ActiveCfg = ReleaseMT|x64
		{A3FABCA7-30ED-48A7-8B0C-0ABD4E85CA95}.ReleaseMT|x64.Build.0 = ReleaseMT|x64
		{A3FABCA7-30ED-48A7-8B0C-0ABD4E85CA95}.ReleaseMT|x86.ActiveCfg = ReleaseMT|Win32
		{A3FABCA7-30ED-48A7-8B0C-0ABD4E85CA95}.ReleaseMT|x86.Build.0 = ReleaseMT|Win32
		{DEBCAB2A-0359-49F0-A2FB-646AEC0CF40D}.Debug|x64.ActiveCfg = Debug|x64
		{DEBCAB2A-0359-49F0-A2FB-646AEC0CF40D}.Debug|x64.Build.0 = Debug|x64
		{DEBCAB2A-0359-49F0-A2FB-646AEC0CF40D}.Debug|x86.ActiveCfg = Debug|Win32
		{DEBCAB2A-0359-49F0-A2FB-646AEC0CF40D}.Debug|x86.Build.0 = Debug|Win32
		{DEBCAB2A-0359-49F0-A2FB-646AEC0CF40D}.DebugMT|x64.ActiveCfg = DebugMT|x64
		{DEBCAB2A-0359-49F0-A2FB-646AEC0CF40D}.DebugMT|x64.Build.0 = DebugMT|x64
		{DEBCAB2A-0359-49F0-A2FB-646AEC0CF40D}.DebugMT|x86.ActiveCfg = DebugMT|Win32
		{DEBCAB2A-0359-49F0-A2FB-646AEC0CF40D}.DebugMT|x86.Build.0 = DebugMT|Win32
		{DEBCAB2A-0359-49F0-A2FB-646AEC0CF40D}.Release|x64.ActiveCfg = Release|x64
		{DEBCAB2A-0359-49F0-A2FB-646AEC0CF40D}.Release|x64.Build.0 = Release|x64
		{DEBCAB2A-0359-49F0-A2FB-646AEC0CF40D}.Release|x86.ActiveCfg = Release|Win32
		{DEBCAB2A-0359-49F0-A2FB-646AEC0CF40D}.Release|x86.Build.0 = Release|Win32
		{DEBCAB2A-0359-49F0-A2FB-646AEC0CF40D}.ReleaseMT|x64.ActiveCfg = ReleaseMT|x64
		{DEBCAB2A-0359-49F0-A2FB-646AEC0CF40D}.ReleaseMT|x64.Build.0 = ReleaseMT|x64
		{DEBCAB2A-0359-49F0-A2FB-646AEC0CF40D}.ReleaseMT|x86.ActiveCfg = ReleaseMT|Win32
		{DEBCAB2A-0359-49F0-A2FB-646AEC0CF40D}.ReleaseMT|x86.Build.0 = ReleaseMT|Win32
	EndGlobalSection
	GlobalSection(SolutionProperties) = preSolution
		HideSolutionNode = FALSE
	EndGlobalSection
	GlobalSection(ExtensibilityGlobals) = postSolution
		SolutionGuid = {3A16E6C4-90DC-43C3-B155-6C9A7146A373}
	EndGlobalSection
EndGlobal
