// !$*UTF8*$!
{
	archiveVersion = 1;
	classes = {
	};
	objectVersion = 46;
	objects = {

/* Begin PBXBuildFile section */
		1B210C011E840A7200B55100 /* aes.h in Headers */ = {isa = PBXBuildFile; fileRef = 1B210BB91E840A7200B55100 /* aes.h */; };
		1B210C031E840A7200B55100 /* aescrypt.c in Sources */ = {isa = PBXBuildFile; fileRef = 1B210BBB1E840A7200B55100 /* aescrypt.c */; };
		1B210C041E840A7200B55100 /* aeshash.c in Sources */ = {isa = PBXBuildFile; fileRef = 1B210BBC1E840A7200B55100 /* aeshash.c */; };
		1B210C051E840A7200B55100 /* aeskey.c in Sources */ = {isa = PBXBuildFile; fileRef = 1B210BBD1E840A7200B55100 /* aeskey.c */; };
		1B210C061E840A7200B55100 /* aesopt.h in Headers */ = {isa = PBXBuildFile; fileRef = 1B210BBE1E840A7200B55100 /* aesopt.h */; };
		1B210C071E840A7200B55100 /* aestab.c in Sources */ = {isa = PBXBuildFile; fileRef = 1B210BBF1E840A7200B55100 /* aestab.c */; };
		1B210C081E840A7200B55100 /* Base64.cpp in Sources */ = {isa = PBXBuildFile; fileRef = 1B210BC01E840A7200B55100 /* Base64.cpp */; };
		1B210C091E840A7200B55100 /* Base64.h in Headers */ = {isa = PBXBuildFile; fileRef = 1B210BC11E840A7200B55100 /* Base64.h */; };
		1B210C0A1E840A7200B55100 /* has160.cpp in Sources */ = {isa = PBXBuildFile; fileRef = 1B210BC21E840A7200B55100 /* has160.cpp */; };
		1B210C0B1E840A7200B55100 /* has160.h in Headers */ = {isa = PBXBuildFile; fileRef = 1B210BC31E840A7200B55100 /* has160.h */; };
		1B210C0C1E840A7200B55100 /* HashFunction.cpp in Sources */ = {isa = PBXBuildFile; fileRef = 1B210BC41E840A7200B55100 /* HashFunction.cpp */; };
		1B210C0D1E840A7200B55100 /* HashFunction.h in Headers */ = {isa = PBXBuildFile; fileRef = 1B210BC51E840A7200B55100 /* HashFunction.h */; };
		1B210C0E1E840A7200B55100 /* ISymAlgorithm.h in Headers */ = {isa = PBXBuildFile; fileRef = 1B210BC61E840A7200B55100 /* ISymAlgorithm.h */; };
		1B210C0F1E840A7200B55100 /* ISymMode.h in Headers */ = {isa = PBXBuildFile; fileRef = 1B210BC71E840A7200B55100 /* ISymMode.h */; };
		1B210C101E840A7200B55100 /* md5.cpp in Sources */ = {isa = PBXBuildFile; fileRef = 1B210BC81E840A7200B55100 /* md5.cpp */; };
		1B210C111E840A7200B55100 /* md5.h in Headers */ = {isa = PBXBuildFile; fileRef = 1B210BC91E840A7200B55100 /* md5.h */; };
		1B210C121E840A7200B55100 /* SEED_128_KISA.cpp in Sources */ = {isa = PBXBuildFile; fileRef = 1B210BCB1E840A7200B55100 /* SEED_128_KISA.cpp */; };
		1B210C131E840A7200B55100 /* SEED_128_KISA.h in Headers */ = {isa = PBXBuildFile; fileRef = 1B210BCC1E840A7200B55100 /* SEED_128_KISA.h */; };
		1B210C141E840A7200B55100 /* SEED_256_KISA.cpp in Sources */ = {isa = PBXBuildFile; fileRef = 1B210BCE1E840A7200B55100 /* SEED_256_KISA.cpp */; };
		1B210C151E840A7200B55100 /* SEED_256_KISA.h in Headers */ = {isa = PBXBuildFile; fileRef = 1B210BCF1E840A7200B55100 /* SEED_256_KISA.h */; };
		1B210C161E840A7200B55100 /* SHA1.cpp in Sources */ = {isa = PBXBuildFile; fileRef = 1B210BD11E840A7200B55100 /* SHA1.cpp */; };
		1B210C171E840A7200B55100 /* SHA1.h in Headers */ = {isa = PBXBuildFile; fileRef = 1B210BD21E840A7200B55100 /* SHA1.h */; };
		1B210C181E840A7200B55100 /* sha256.cpp in Sources */ = {isa = PBXBuildFile; fileRef = 1B210BD31E840A7200B55100 /* sha256.cpp */; };
		1B210C191E840A7200B55100 /* sha256.h in Headers */ = {isa = PBXBuildFile; fileRef = 1B210BD41E840A7200B55100 /* sha256.h */; };
		1B210C271E840A7200B55100 /* stdafx.h in Headers */ = {isa = PBXBuildFile; fileRef = 1B210BE31E840A7200B55100 /* stdafx.h */; };
		1B210C281E840A7200B55100 /* StringFunction.cpp in Sources */ = {isa = PBXBuildFile; fileRef = 1B210BE41E840A7200B55100 /* StringFunction.cpp */; };
		1B210C291E840A7200B55100 /* StringFunction.h in Headers */ = {isa = PBXBuildFile; fileRef = 1B210BE51E840A7200B55100 /* StringFunction.h */; };
		1B210C2A1E840A7200B55100 /* SymAES.cpp in Sources */ = {isa = PBXBuildFile; fileRef = 1B210BE61E840A7200B55100 /* SymAES.cpp */; };
		1B210C2B1E840A7200B55100 /* SymAES.h in Headers */ = {isa = PBXBuildFile; fileRef = 1B210BE71E840A7200B55100 /* SymAES.h */; };
		1B210C2C1E840A7200B55100 /* SymCipher.cpp in Sources */ = {isa = PBXBuildFile; fileRef = 1B210BE81E840A7200B55100 /* SymCipher.cpp */; };
		1B210C2D1E840A7200B55100 /* SymCipher.h in Headers */ = {isa = PBXBuildFile; fileRef = 1B210BE91E840A7200B55100 /* SymCipher.h */; };
		1B210C2E1E840A7200B55100 /* SymCipherFunction.cpp in Sources */ = {isa = PBXBuildFile; fileRef = 1B210BEA1E840A7200B55100 /* SymCipherFunction.cpp */; };
		1B210C2F1E840A7200B55100 /* SymCipherFunction.h in Headers */ = {isa = PBXBuildFile; fileRef = 1B210BEB1E840A7200B55100 /* SymCipherFunction.h */; };
		1B210C301E840A7200B55100 /* SymModeCBC.cpp in Sources */ = {isa = PBXBuildFile; fileRef = 1B210BEC1E840A7200B55100 /* SymModeCBC.cpp */; };
		1B210C311E840A7200B55100 /* SymModeCBC.h in Headers */ = {isa = PBXBuildFile; fileRef = 1B210BED1E840A7200B55100 /* SymModeCBC.h */; };
		1B210C321E840A7200B55100 /* SymModeCFB.cpp in Sources */ = {isa = PBXBuildFile; fileRef = 1B210BEE1E840A7200B55100 /* SymModeCFB.cpp */; };
		1B210C331E840A7200B55100 /* SymModeCFB.h in Headers */ = {isa = PBXBuildFile; fileRef = 1B210BEF1E840A7200B55100 /* SymModeCFB.h */; };
		1B210C341E840A7200B55100 /* SymModeCTR.cpp in Sources */ = {isa = PBXBuildFile; fileRef = 1B210BF01E840A7200B55100 /* SymModeCTR.cpp */; };
		1B210C351E840A7200B55100 /* SymModeCTR.h in Headers */ = {isa = PBXBuildFile; fileRef = 1B210BF11E840A7200B55100 /* SymModeCTR.h */; };
		1B210C361E840A7200B55100 /* SymModeECB.cpp in Sources */ = {isa = PBXBuildFile; fileRef = 1B210BF21E840A7200B55100 /* SymModeECB.cpp */; };
		1B210C371E840A7200B55100 /* SymModeECB.h in Headers */ = {isa = PBXBuildFile; fileRef = 1B210BF31E840A7200B55100 /* SymModeECB.h */; };
		1B210C381E840A7200B55100 /* SymModeOFB.cpp in Sources */ = {isa = PBXBuildFile; fileRef = 1B210BF41E840A7200B55100 /* SymModeOFB.cpp */; };
		1B210C391E840A7200B55100 /* SymModeOFB.h in Headers */ = {isa = PBXBuildFile; fileRef = 1B210BF51E840A7200B55100 /* SymModeOFB.h */; };
		1B210C3A1E840A7200B55100 /* SymModePCBC.cpp in Sources */ = {isa = PBXBuildFile; fileRef = 1B210BF61E840A7200B55100 /* SymModePCBC.cpp */; };
		1B210C3B1E840A7200B55100 /* SymModePCBC.h in Headers */ = {isa = PBXBuildFile; fileRef = 1B210BF71E840A7200B55100 /* SymModePCBC.h */; };
		1B210C3C1E840A7200B55100 /* SymModePlain.cpp in Sources */ = {isa = PBXBuildFile; fileRef = 1B210BF81E840A7200B55100 /* SymModePlain.cpp */; };
		1B210C3D1E840A7200B55100 /* SymModePlain.h in Headers */ = {isa = PBXBuildFile; fileRef = 1B210BF91E840A7200B55100 /* SymModePlain.h */; };
		1B210C3E1E840A7200B55100 /* SymPlain.cpp in Sources */ = {isa = PBXBuildFile; fileRef = 1B210BFA1E840A7200B55100 /* SymPlain.cpp */; };
		1B210C3F1E840A7200B55100 /* SymPlain.h in Headers */ = {isa = PBXBuildFile; fileRef = 1B210BFB1E840A7200B55100 /* SymPlain.h */; };
		1B210C401E840A7200B55100 /* SymSeed128.cpp in Sources */ = {isa = PBXBuildFile; fileRef = 1B210BFC1E840A7200B55100 /* SymSeed128.cpp */; };
		1B210C411E840A7200B55100 /* SymSeed128.h in Headers */ = {isa = PBXBuildFile; fileRef = 1B210BFD1E840A7200B55100 /* SymSeed128.h */; };
		1B210C421E840A7200B55100 /* SymSeed256.cpp in Sources */ = {isa = PBXBuildFile; fileRef = 1B210BFE1E840A7200B55100 /* SymSeed256.cpp */; };
		1B210C431E840A7200B55100 /* SymSeed256.h in Headers */ = {isa = PBXBuildFile; fileRef = 1B210BFF1E840A7200B55100 /* SymSeed256.h */; };
		1B210C441E840A7200B55100 /* Type.h in Headers */ = {isa = PBXBuildFile; fileRef = 1B210C001E840A7200B55100 /* Type.h */; };
		1B210CC91E840DCE00B55100 /* edit_dist.cpp in Sources */ = {isa = PBXBuildFile; fileRef = 1B210CBC1E840DCE00B55100 /* edit_dist.cpp */; };
		1B210CCA1E840DCE00B55100 /* edit_dist.h in Headers */ = {isa = PBXBuildFile; fileRef = 1B210CBD1E840DCE00B55100 /* edit_dist.h */; };
		1B210CCB1E840DCE00B55100 /* filedata.cpp in Sources */ = {isa = PBXBuildFile; fileRef = 1B210CBE1E840DCE00B55100 /* filedata.cpp */; };
		1B210CCC1E840DCE00B55100 /* filedata.h in Headers */ = {isa = PBXBuildFile; fileRef = 1B210CBF1E840DCE00B55100 /* filedata.h */; };
		1B210CCD1E840DCE00B55100 /* find-file-size.cpp in Sources */ = {isa = PBXBuildFile; fileRef = 1B210CC01E840DCE00B55100 /* find-file-size.cpp */; };
		1B210CCE1E840DCE00B55100 /* fuzzy.cpp in Sources */ = {isa = PBXBuildFile; fileRef = 1B210CC11E840DCE00B55100 /* fuzzy.cpp */; };
		1B210CCF1E840DCE00B55100 /* fuzzy.h in Headers */ = {isa = PBXBuildFile; fileRef = 1B210CC21E840DCE00B55100 /* fuzzy.h */; };
		1B210CD01E840DCE00B55100 /* helpers.cpp in Sources */ = {isa = PBXBuildFile; fileRef = 1B210CC31E840DCE00B55100 /* helpers.cpp */; };
		1B210CD11E840DCE00B55100 /* match.cpp in Sources */ = {isa = PBXBuildFile; fileRef = 1B210CC41E840DCE00B55100 /* match.cpp */; };
		1B210CD21E840DCE00B55100 /* match.h in Headers */ = {isa = PBXBuildFile; fileRef = 1B210CC51E840DCE00B55100 /* match.h */; };
		1B210CD31E840DCE00B55100 /* ssdeep.h in Headers */ = {isa = PBXBuildFile; fileRef = 1B210CC61E840DCE00B55100 /* ssdeep.h */; };
		1B210CD41E840DCE00B55100 /* tchar-local.h in Headers */ = {isa = PBXBuildFile; fileRef = 1B210CC71E840DCE00B55100 /* tchar-local.h */; };
		1B210CD51E840DCE00B55100 /* ui.cpp in Sources */ = {isa = PBXBuildFile; fileRef = 1B210CC81E840DCE00B55100 /* ui.cpp */; };
		1B90CF0D1F57C01F003D5EAF /* StringSymCipherFunction.cpp in Sources */ = {isa = PBXBuildFile; fileRef = 1B90CF0B1F57C01F003D5EAF /* StringSymCipherFunction.cpp */; };
		1B90CF0E1F57C01F003D5EAF /* StringSymCipherFunction.h in Headers */ = {isa = PBXBuildFile; fileRef = 1B90CF0C1F57C01F003D5EAF /* StringSymCipherFunction.h */; };
		1BC5A54C1E798168004F9CF4 /* Encoder.h in Headers */ = {isa = PBXBuildFile; fileRef = 1BC5A54A1E798168004F9CF4 /* Encoder.h */; };
/* End PBXBuildFile section */

/* Begin PBXFileReference section */
		1B210BB91E840A7200B55100 /* aes.h */ = {isa = PBXFileReference; fileEncoding = 4; lastKnownFileType = sourcecode.c.h; path = aes.h; sourceTree = "<group>"; };
		1B210BBB1E840A7200B55100 /* aescrypt.c */ = {isa = PBXFileReference; fileEncoding = 4; lastKnownFileType = sourcecode.c.c; path = aescrypt.c; sourceTree = "<group>"; };
		1B210BBC1E840A7200B55100 /* aeshash.c */ = {isa = PBXFileReference; fileEncoding = 4; lastKnownFileType = sourcecode.c.c; path = aeshash.c; sourceTree = "<group>"; };
		1B210BBD1E840A7200B55100 /* aeskey.c */ = {isa = PBXFileReference; fileEncoding = 4; lastKnownFileType = sourcecode.c.c; path = aeskey.c; sourceTree = "<group>"; };
		1B210BBE1E840A7200B55100 /* aesopt.h */ = {isa = PBXFileReference; fileEncoding = 4; lastKnownFileType = sourcecode.c.h; path = aesopt.h; sourceTree = "<group>"; };
		1B210BBF1E840A7200B55100 /* aestab.c */ = {isa = PBXFileReference; fileEncoding = 4; lastKnownFileType = sourcecode.c.c; path = aestab.c; sourceTree = "<group>"; };
		1B210BC01E840A7200B55100 /* Base64.cpp */ = {isa = PBXFileReference; fileEncoding = 4; lastKnownFileType = sourcecode.cpp.cpp; path = Base64.cpp; sourceTree = "<group>"; };
		1B210BC11E840A7200B55100 /* Base64.h */ = {isa = PBXFileReference; fileEncoding = 4; lastKnownFileType = sourcecode.c.h; path = Base64.h; sourceTree = "<group>"; };
		1B210BC21E840A7200B55100 /* has160.cpp */ = {isa = PBXFileReference; fileEncoding = 4; lastKnownFileType = sourcecode.cpp.cpp; path = has160.cpp; sourceTree = "<group>"; };
		1B210BC31E840A7200B55100 /* has160.h */ = {isa = PBXFileReference; fileEncoding = 4; lastKnownFileType = sourcecode.c.h; path = has160.h; sourceTree = "<group>"; };
		1B210BC41E840A7200B55100 /* HashFunction.cpp */ = {isa = PBXFileReference; fileEncoding = 4; lastKnownFileType = sourcecode.cpp.cpp; path = HashFunction.cpp; sourceTree = "<group>"; };
		1B210BC51E840A7200B55100 /* HashFunction.h */ = {isa = PBXFileReference; fileEncoding = 4; lastKnownFileType = sourcecode.c.h; path = HashFunction.h; sourceTree = "<group>"; };
		1B210BC61E840A7200B55100 /* ISymAlgorithm.h */ = {isa = PBXFileReference; fileEncoding = 4; lastKnownFileType = sourcecode.c.h; path = ISymAlgorithm.h; sourceTree = "<group>"; };
		1B210BC71E840A7200B55100 /* ISymMode.h */ = {isa = PBXFileReference; fileEncoding = 4; lastKnownFileType = sourcecode.c.h; path = ISymMode.h; sourceTree = "<group>"; };
		1B210BC81E840A7200B55100 /* md5.cpp */ = {isa = PBXFileReference; fileEncoding = 4; lastKnownFileType = sourcecode.cpp.cpp; path = md5.cpp; sourceTree = "<group>"; };
		1B210BC91E840A7200B55100 /* md5.h */ = {isa = PBXFileReference; fileEncoding = 4; lastKnownFileType = sourcecode.c.h; path = md5.h; sourceTree = "<group>"; };
		1B210BCB1E840A7200B55100 /* SEED_128_KISA.cpp */ = {isa = PBXFileReference; fileEncoding = 4; lastKnownFileType = sourcecode.cpp.cpp; path = SEED_128_KISA.cpp; sourceTree = "<group>"; };
		1B210BCC1E840A7200B55100 /* SEED_128_KISA.h */ = {isa = PBXFileReference; fileEncoding = 4; lastKnownFileType = sourcecode.c.h; path = SEED_128_KISA.h; sourceTree = "<group>"; };
		1B210BCD1E840A7200B55100 /* SEED_128_KISA.tab */ = {isa = PBXFileReference; fileEncoding = 4; lastKnownFileType = text; path = SEED_128_KISA.tab; sourceTree = "<group>"; };
		1B210BCE1E840A7200B55100 /* SEED_256_KISA.cpp */ = {isa = PBXFileReference; fileEncoding = 4; lastKnownFileType = sourcecode.cpp.cpp; path = SEED_256_KISA.cpp; sourceTree = "<group>"; };
		1B210BCF1E840A7200B55100 /* SEED_256_KISA.h */ = {isa = PBXFileReference; fileEncoding = 4; lastKnownFileType = sourcecode.c.h; path = SEED_256_KISA.h; sourceTree = "<group>"; };
		1B210BD01E840A7200B55100 /* SEED_256_KISA.tab */ = {isa = PBXFileReference; fileEncoding = 4; lastKnownFileType = text; path = SEED_256_KISA.tab; sourceTree = "<group>"; };
		1B210BD11E840A7200B55100 /* SHA1.cpp */ = {isa = PBXFileReference; fileEncoding = 4; lastKnownFileType = sourcecode.cpp.cpp; path = SHA1.cpp; sourceTree = "<group>"; };
		1B210BD21E840A7200B55100 /* SHA1.h */ = {isa = PBXFileReference; fileEncoding = 4; lastKnownFileType = sourcecode.c.h; path = SHA1.h; sourceTree = "<group>"; };
		1B210BD31E840A7200B55100 /* sha256.cpp */ = {isa = PBXFileReference; fileEncoding = 4; lastKnownFileType = sourcecode.cpp.cpp; path = sha256.cpp; sourceTree = "<group>"; };
		1B210BD41E840A7200B55100 /* sha256.h */ = {isa = PBXFileReference; fileEncoding = 4; lastKnownFileType = sourcecode.c.h; path = sha256.h; sourceTree = "<group>"; };
		1B210BE31E840A7200B55100 /* stdafx.h */ = {isa = PBXFileReference; fileEncoding = 4; lastKnownFileType = sourcecode.c.h; path = stdafx.h; sourceTree = "<group>"; };
		1B210BE41E840A7200B55100 /* StringFunction.cpp */ = {isa = PBXFileReference; fileEncoding = 4; lastKnownFileType = sourcecode.cpp.cpp; path = StringFunction.cpp; sourceTree = "<group>"; };
		1B210BE51E840A7200B55100 /* StringFunction.h */ = {isa = PBXFileReference; fileEncoding = 4; lastKnownFileType = sourcecode.c.h; path = StringFunction.h; sourceTree = "<group>"; };
		1B210BE61E840A7200B55100 /* SymAES.cpp */ = {isa = PBXFileReference; fileEncoding = 4; lastKnownFileType = sourcecode.cpp.cpp; path = SymAES.cpp; sourceTree = "<group>"; };
		1B210BE71E840A7200B55100 /* SymAES.h */ = {isa = PBXFileReference; fileEncoding = 4; lastKnownFileType = sourcecode.c.h; path = SymAES.h; sourceTree = "<group>"; };
		1B210BE81E840A7200B55100 /* SymCipher.cpp */ = {isa = PBXFileReference; fileEncoding = 4; lastKnownFileType = sourcecode.cpp.cpp; path = SymCipher.cpp; sourceTree = "<group>"; };
		1B210BE91E840A7200B55100 /* SymCipher.h */ = {isa = PBXFileReference; fileEncoding = 4; lastKnownFileType = sourcecode.c.h; path = SymCipher.h; sourceTree = "<group>"; };
		1B210BEA1E840A7200B55100 /* SymCipherFunction.cpp */ = {isa = PBXFileReference; fileEncoding = 4; lastKnownFileType = sourcecode.cpp.cpp; path = SymCipherFunction.cpp; sourceTree = "<group>"; };
		1B210BEB1E840A7200B55100 /* SymCipherFunction.h */ = {isa = PBXFileReference; fileEncoding = 4; lastKnownFileType = sourcecode.c.h; path = SymCipherFunction.h; sourceTree = "<group>"; };
		1B210BEC1E840A7200B55100 /* SymModeCBC.cpp */ = {isa = PBXFileReference; fileEncoding = 4; lastKnownFileType = sourcecode.cpp.cpp; path = SymModeCBC.cpp; sourceTree = "<group>"; };
		1B210BED1E840A7200B55100 /* SymModeCBC.h */ = {isa = PBXFileReference; fileEncoding = 4; lastKnownFileType = sourcecode.c.h; path = SymModeCBC.h; sourceTree = "<group>"; };
		1B210BEE1E840A7200B55100 /* SymModeCFB.cpp */ = {isa = PBXFileReference; fileEncoding = 4; lastKnownFileType = sourcecode.cpp.cpp; path = SymModeCFB.cpp; sourceTree = "<group>"; };
		1B210BEF1E840A7200B55100 /* SymModeCFB.h */ = {isa = PBXFileReference; fileEncoding = 4; lastKnownFileType = sourcecode.c.h; path = SymModeCFB.h; sourceTree = "<group>"; };
		1B210BF01E840A7200B55100 /* SymModeCTR.cpp */ = {isa = PBXFileReference; fileEncoding = 4; lastKnownFileType = sourcecode.cpp.cpp; path = SymModeCTR.cpp; sourceTree = "<group>"; };
		1B210BF11E840A7200B55100 /* SymModeCTR.h */ = {isa = PBXFileReference; fileEncoding = 4; lastKnownFileType = sourcecode.c.h; path = SymModeCTR.h; sourceTree = "<group>"; };
		1B210BF21E840A7200B55100 /* SymModeECB.cpp */ = {isa = PBXFileReference; fileEncoding = 4; lastKnownFileType = sourcecode.cpp.cpp; path = SymModeECB.cpp; sourceTree = "<group>"; };
		1B210BF31E840A7200B55100 /* SymModeECB.h */ = {isa = PBXFileReference; fileEncoding = 4; lastKnownFileType = sourcecode.c.h; path = SymModeECB.h; sourceTree = "<group>"; };
		1B210BF41E840A7200B55100 /* SymModeOFB.cpp */ = {isa = PBXFileReference; fileEncoding = 4; lastKnownFileType = sourcecode.cpp.cpp; path = SymModeOFB.cpp; sourceTree = "<group>"; };
		1B210BF51E840A7200B55100 /* SymModeOFB.h */ = {isa = PBXFileReference; fileEncoding = 4; lastKnownFileType = sourcecode.c.h; path = SymModeOFB.h; sourceTree = "<group>"; };
		1B210BF61E840A7200B55100 /* SymModePCBC.cpp */ = {isa = PBXFileReference; fileEncoding = 4; lastKnownFileType = sourcecode.cpp.cpp; path = SymModePCBC.cpp; sourceTree = "<group>"; };
		1B210BF71E840A7200B55100 /* SymModePCBC.h */ = {isa = PBXFileReference; fileEncoding = 4; lastKnownFileType = sourcecode.c.h; path = SymModePCBC.h; sourceTree = "<group>"; };
		1B210BF81E840A7200B55100 /* SymModePlain.cpp */ = {isa = PBXFileReference; fileEncoding = 4; lastKnownFileType = sourcecode.cpp.cpp; path = SymModePlain.cpp; sourceTree = "<group>"; };
		1B210BF91E840A7200B55100 /* SymModePlain.h */ = {isa = PBXFileReference; fileEncoding = 4; lastKnownFileType = sourcecode.c.h; path = SymModePlain.h; sourceTree = "<group>"; };
		1B210BFA1E840A7200B55100 /* SymPlain.cpp */ = {isa = PBXFileReference; fileEncoding = 4; lastKnownFileType = sourcecode.cpp.cpp; path = SymPlain.cpp; sourceTree = "<group>"; };
		1B210BFB1E840A7200B55100 /* SymPlain.h */ = {isa = PBXFileReference; fileEncoding = 4; lastKnownFileType = sourcecode.c.h; path = SymPlain.h; sourceTree = "<group>"; };
		1B210BFC1E840A7200B55100 /* SymSeed128.cpp */ = {isa = PBXFileReference; fileEncoding = 4; lastKnownFileType = sourcecode.cpp.cpp; path = SymSeed128.cpp; sourceTree = "<group>"; };
		1B210BFD1E840A7200B55100 /* SymSeed128.h */ = {isa = PBXFileReference; fileEncoding = 4; lastKnownFileType = sourcecode.c.h; path = SymSeed128.h; sourceTree = "<group>"; };
		1B210BFE1E840A7200B55100 /* SymSeed256.cpp */ = {isa = PBXFileReference; fileEncoding = 4; lastKnownFileType = sourcecode.cpp.cpp; path = SymSeed256.cpp; sourceTree = "<group>"; };
		1B210BFF1E840A7200B55100 /* SymSeed256.h */ = {isa = PBXFileReference; fileEncoding = 4; lastKnownFileType = sourcecode.c.h; path = SymSeed256.h; sourceTree = "<group>"; };
		1B210C001E840A7200B55100 /* Type.h */ = {isa = PBXFileReference; fileEncoding = 4; lastKnownFileType = sourcecode.c.h; path = Type.h; sourceTree = "<group>"; };
		1B210CBC1E840DCE00B55100 /* edit_dist.cpp */ = {isa = PBXFileReference; fileEncoding = 4; lastKnownFileType = sourcecode.cpp.cpp; path = edit_dist.cpp; sourceTree = "<group>"; };
		1B210CBD1E840DCE00B55100 /* edit_dist.h */ = {isa = PBXFileReference; fileEncoding = 4; lastKnownFileType = sourcecode.c.h; path = edit_dist.h; sourceTree = "<group>"; };
		1B210CBE1E840DCE00B55100 /* filedata.cpp */ = {isa = PBXFileReference; fileEncoding = 4; lastKnownFileType = sourcecode.cpp.cpp; path = filedata.cpp; sourceTree = "<group>"; };
		1B210CBF1E840DCE00B55100 /* filedata.h */ = {isa = PBXFileReference; fileEncoding = 4; lastKnownFileType = sourcecode.c.h; path = filedata.h; sourceTree = "<group>"; };
		1B210CC01E840DCE00B55100 /* find-file-size.cpp */ = {isa = PBXFileReference; fileEncoding = 4; lastKnownFileType = sourcecode.cpp.cpp; path = "find-file-size.cpp"; sourceTree = "<group>"; };
		1B210CC11E840DCE00B55100 /* fuzzy.cpp */ = {isa = PBXFileReference; fileEncoding = 4; lastKnownFileType = sourcecode.cpp.cpp; path = fuzzy.cpp; sourceTree = "<group>"; };
		1B210CC21E840DCE00B55100 /* fuzzy.h */ = {isa = PBXFileReference; fileEncoding = 4; lastKnownFileType = sourcecode.c.h; path = fuzzy.h; sourceTree = "<group>"; };
		1B210CC31E840DCE00B55100 /* helpers.cpp */ = {isa = PBXFileReference; fileEncoding = 4; lastKnownFileType = sourcecode.cpp.cpp; path = helpers.cpp; sourceTree = "<group>"; };
		1B210CC41E840DCE00B55100 /* match.cpp */ = {isa = PBXFileReference; fileEncoding = 4; lastKnownFileType = sourcecode.cpp.cpp; path = match.cpp; sourceTree = "<group>"; };
		1B210CC51E840DCE00B55100 /* match.h */ = {isa = PBXFileReference; fileEncoding = 4; lastKnownFileType = sourcecode.c.h; path = match.h; sourceTree = "<group>"; };
		1B210CC61E840DCE00B55100 /* ssdeep.h */ = {isa = PBXFileReference; fileEncoding = 4; lastKnownFileType = sourcecode.c.h; path = ssdeep.h; sourceTree = "<group>"; };
		1B210CC71E840DCE00B55100 /* tchar-local.h */ = {isa = PBXFileReference; fileEncoding = 4; lastKnownFileType = sourcecode.c.h; path = "tchar-local.h"; sourceTree = "<group>"; };
		1B210CC81E840DCE00B55100 /* ui.cpp */ = {isa = PBXFileReference; fileEncoding = 4; lastKnownFileType = sourcecode.cpp.cpp; path = ui.cpp; sourceTree = "<group>"; };
		1B90CF0B1F57C01F003D5EAF /* StringSymCipherFunction.cpp */ = {isa = PBXFileReference; fileEncoding = 4; lastKnownFileType = sourcecode.cpp.cpp; path = StringSymCipherFunction.cpp; sourceTree = "<group>"; };
		1B90CF0C1F57C01F003D5EAF /* StringSymCipherFunction.h */ = {isa = PBXFileReference; fileEncoding = 4; lastKnownFileType = sourcecode.c.h; path = StringSymCipherFunction.h; sourceTree = "<group>"; };
		1BC5A54A1E798168004F9CF4 /* Encoder.h */ = {isa = PBXFileReference; fileEncoding = 4; lastKnownFileType = sourcecode.c.h; path = Encoder.h; sourceTree = "<group>"; };
		1BD028FD1D6F4DB30038998C /* lib001_EncoderA.a */ = {isa = PBXFileReference; explicitFileType = archive.ar; includeInIndex = 0; path = lib001_EncoderA.a; sourceTree = BUILT_PRODUCTS_DIR; };
/* End PBXFileReference section */

/* Begin PBXFrameworksBuildPhase section */
		1BD028FA1D6F4DB30038998C /* Frameworks */ = {
			isa = PBXFrameworksBuildPhase;
			buildActionMask = 2147483647;
			files = (
			);
			runOnlyForDeploymentPostprocessing = 0;
		};
/* End PBXFrameworksBuildPhase section */

/* Begin PBXGroup section */
		1B210BB81E840A7200B55100 /* AES */ = {
			isa = PBXGroup;
			children = (
				1B210BB91E840A7200B55100 /* aes.h */,
				1B210BBB1E840A7200B55100 /* aescrypt.c */,
				1B210BBC1E840A7200B55100 /* aeshash.c */,
				1B210BBD1E840A7200B55100 /* aeskey.c */,
				1B210BBE1E840A7200B55100 /* aesopt.h */,
				1B210BBF1E840A7200B55100 /* aestab.c */,
			);
			path = AES;
			sourceTree = "<group>";
		};
		1B210BCA1E840A7200B55100 /* SEED */ = {
			isa = PBXGroup;
			children = (
				1B210BCB1E840A7200B55100 /* SEED_128_KISA.cpp */,
				1B210BCC1E840A7200B55100 /* SEED_128_KISA.h */,
				1B210BCD1E840A7200B55100 /* SEED_128_KISA.tab */,
				1B210BCE1E840A7200B55100 /* SEED_256_KISA.cpp */,
				1B210BCF1E840A7200B55100 /* SEED_256_KISA.h */,
				1B210BD01E840A7200B55100 /* SEED_256_KISA.tab */,
			);
			path = SEED;
			sourceTree = "<group>";
		};
		1B210CBB1E840DCE00B55100 /* ssdeep */ = {
			isa = PBXGroup;
			children = (
				1B210CBC1E840DCE00B55100 /* edit_dist.cpp */,
				1B210CBD1E840DCE00B55100 /* edit_dist.h */,
				1B210CBE1E840DCE00B55100 /* filedata.cpp */,
				1B210CBF1E840DCE00B55100 /* filedata.h */,
				1B210CC01E840DCE00B55100 /* find-file-size.cpp */,
				1B210CC11E840DCE00B55100 /* fuzzy.cpp */,
				1B210CC21E840DCE00B55100 /* fuzzy.h */,
				1B210CC31E840DCE00B55100 /* helpers.cpp */,
				1B210CC41E840DCE00B55100 /* match.cpp */,
				1B210CC51E840DCE00B55100 /* match.h */,
				1B210CC61E840DCE00B55100 /* ssdeep.h */,
				1B210CC71E840DCE00B55100 /* tchar-local.h */,
				1B210CC81E840DCE00B55100 /* ui.cpp */,
			);
			path = ssdeep;
			sourceTree = "<group>";
		};
		1BD028F41D6F4DB30038998C = {
			isa = PBXGroup;
			children = (
				1B210CBB1E840DCE00B55100 /* ssdeep */,
				1B210BCA1E840A7200B55100 /* SEED */,
				1B210BB81E840A7200B55100 /* AES */,
				1B210BC01E840A7200B55100 /* Base64.cpp */,
				1B210BC11E840A7200B55100 /* Base64.h */,
				1B210BC21E840A7200B55100 /* has160.cpp */,
				1B210BC31E840A7200B55100 /* has160.h */,
				1B210BC41E840A7200B55100 /* HashFunction.cpp */,
				1B210BC51E840A7200B55100 /* HashFunction.h */,
				1B210BC61E840A7200B55100 /* ISymAlgorithm.h */,
				1B210BC71E840A7200B55100 /* ISymMode.h */,
				1B210BC81E840A7200B55100 /* md5.cpp */,
				1B210BC91E840A7200B55100 /* md5.h */,
				1B210BD11E840A7200B55100 /* SHA1.cpp */,
				1B210BD21E840A7200B55100 /* SHA1.h */,
				1B210BD31E840A7200B55100 /* sha256.cpp */,
				1B210BD41E840A7200B55100 /* sha256.h */,
				1B210BE31E840A7200B55100 /* stdafx.h */,
				1B210BE41E840A7200B55100 /* StringFunction.cpp */,
				1B210BE51E840A7200B55100 /* StringFunction.h */,
				1B90CF0B1F57C01F003D5EAF /* StringSymCipherFunction.cpp */,
				1B90CF0C1F57C01F003D5EAF /* StringSymCipherFunction.h */,
				1B210BE61E840A7200B55100 /* SymAES.cpp */,
				1B210BE71E840A7200B55100 /* SymAES.h */,
				1B210BE81E840A7200B55100 /* SymCipher.cpp */,
				1B210BE91E840A7200B55100 /* SymCipher.h */,
				1B210BEA1E840A7200B55100 /* SymCipherFunction.cpp */,
				1B210BEB1E840A7200B55100 /* SymCipherFunction.h */,
				1B210BEC1E840A7200B55100 /* SymModeCBC.cpp */,
				1B210BED1E840A7200B55100 /* SymModeCBC.h */,
				1B210BEE1E840A7200B55100 /* SymModeCFB.cpp */,
				1B210BEF1E840A7200B55100 /* SymModeCFB.h */,
				1B210BF01E840A7200B55100 /* SymModeCTR.cpp */,
				1B210BF11E840A7200B55100 /* SymModeCTR.h */,
				1B210BF21E840A7200B55100 /* SymModeECB.cpp */,
				1B210BF31E840A7200B55100 /* SymModeECB.h */,
				1B210BF41E840A7200B55100 /* SymModeOFB.cpp */,
				1B210BF51E840A7200B55100 /* SymModeOFB.h */,
				1B210BF61E840A7200B55100 /* SymModePCBC.cpp */,
				1B210BF71E840A7200B55100 /* SymModePCBC.h */,
				1B210BF81E840A7200B55100 /* SymModePlain.cpp */,
				1B210BF91E840A7200B55100 /* SymModePlain.h */,
				1B210BFA1E840A7200B55100 /* SymPlain.cpp */,
				1B210BFB1E840A7200B55100 /* SymPlain.h */,
				1B210BFC1E840A7200B55100 /* SymSeed128.cpp */,
				1B210BFD1E840A7200B55100 /* SymSeed128.h */,
				1B210BFE1E840A7200B55100 /* SymSeed256.cpp */,
				1B210BFF1E840A7200B55100 /* SymSeed256.h */,
				1B210C001E840A7200B55100 /* Type.h */,
				1BC5A54A1E798168004F9CF4 /* Encoder.h */,
				1BD028FE1D6F4DB30038998C /* Products */,
			);
			sourceTree = "<group>";
		};
		1BD028FE1D6F4DB30038998C /* Products */ = {
			isa = PBXGroup;
			children = (
				1BD028FD1D6F4DB30038998C /* lib001_EncoderA.a */,
			);
			name = Products;
			sourceTree = "<group>";
		};
/* End PBXGroup section */

/* Begin PBXHeadersBuildPhase section */
		1BD028FB1D6F4DB30038998C /* Headers */ = {
			isa = PBXHeadersBuildPhase;
			buildActionMask = 2147483647;
			files = (
				1B210C351E840A7200B55100 /* SymModeCTR.h in Headers */,
				1B210C111E840A7200B55100 /* md5.h in Headers */,
				1B210CCA1E840DCE00B55100 /* edit_dist.h in Headers */,
				1B210C191E840A7200B55100 /* sha256.h in Headers */,
				1B210C131E840A7200B55100 /* SEED_128_KISA.h in Headers */,
				1B210CCF1E840DCE00B55100 /* fuzzy.h in Headers */,
				1B210CD21E840DCE00B55100 /* match.h in Headers */,
				1B210C2F1E840A7200B55100 /* SymCipherFunction.h in Headers */,
				1B210C371E840A7200B55100 /* SymModeECB.h in Headers */,
				1B210C411E840A7200B55100 /* SymSeed128.h in Headers */,
				1B210C2D1E840A7200B55100 /* SymCipher.h in Headers */,
				1B210CCC1E840DCE00B55100 /* filedata.h in Headers */,
				1B90CF0E1F57C01F003D5EAF /* StringSymCipherFunction.h in Headers */,
				1B210C391E840A7200B55100 /* SymModeOFB.h in Headers */,
				1B210C331E840A7200B55100 /* SymModeCFB.h in Headers */,
				1B210C011E840A7200B55100 /* aes.h in Headers */,
				1B210C3F1E840A7200B55100 /* SymPlain.h in Headers */,
				1B210CD31E840DCE00B55100 /* ssdeep.h in Headers */,
				1B210C431E840A7200B55100 /* SymSeed256.h in Headers */,
				1B210C3B1E840A7200B55100 /* SymModePCBC.h in Headers */,
				1B210C291E840A7200B55100 /* StringFunction.h in Headers */,
				1B210CD41E840DCE00B55100 /* tchar-local.h in Headers */,
				1BC5A54C1E798168004F9CF4 /* Encoder.h in Headers */,
				1B210C061E840A7200B55100 /* aesopt.h in Headers */,
				1B210C3D1E840A7200B55100 /* SymModePlain.h in Headers */,
				1B210C2B1E840A7200B55100 /* SymAES.h in Headers */,
				1B210C271E840A7200B55100 /* stdafx.h in Headers */,
				1B210C311E840A7200B55100 /* SymModeCBC.h in Headers */,
				1B210C171E840A7200B55100 /* SHA1.h in Headers */,
				1B210C0E1E840A7200B55100 /* ISymAlgorithm.h in Headers */,
				1B210C0B1E840A7200B55100 /* has160.h in Headers */,
				1B210C441E840A7200B55100 /* Type.h in Headers */,
				1B210C0D1E840A7200B55100 /* HashFunction.h in Headers */,
				1B210C091E840A7200B55100 /* Base64.h in Headers */,
				1B210C151E840A7200B55100 /* SEED_256_KISA.h in Headers */,
				1B210C0F1E840A7200B55100 /* ISymMode.h in Headers */,
			);
			runOnlyForDeploymentPostprocessing = 0;
		};
/* End PBXHeadersBuildPhase section */

/* Begin PBXNativeTarget section */
		1BD028FC1D6F4DB30038998C /* 001_EncoderA */ = {
			isa = PBXNativeTarget;
			buildConfigurationList = 1BD029061D6F4DB30038998C /* Build configuration list for PBXNativeTarget "001_EncoderA" */;
			buildPhases = (
				1BD028F91D6F4DB30038998C /* Sources */,
				1BD028FA1D6F4DB30038998C /* Frameworks */,
				1BD028FB1D6F4DB30038998C /* Headers */,
			);
			buildRules = (
			);
			dependencies = (
			);
			name = 001_EncoderA;
			productName = System;
			productReference = 1BD028FD1D6F4DB30038998C /* lib001_EncoderA.a */;
			productType = "com.apple.product-type.library.static";
		};
/* End PBXNativeTarget section */

/* Begin PBXProject section */
		1BD028F51D6F4DB30038998C /* Project object */ = {
			isa = PBXProject;
			attributes = {
				LastUpgradeCheck = 0820;
				ORGANIZATIONNAME = Profrog.Sean;
				TargetAttributes = {
					1BD028FC1D6F4DB30038998C = {
						CreatedOnToolsVersion = 7.3.1;
					};
				};
			};
			buildConfigurationList = 1BD028F81D6F4DB30038998C /* Build configuration list for PBXProject "001_EncoderA" */;
			compatibilityVersion = "Xcode 3.2";
			developmentRegion = English;
			hasScannedForEncodings = 0;
			knownRegions = (
				en,
			);
			mainGroup = 1BD028F41D6F4DB30038998C;
			productRefGroup = 1BD028FE1D6F4DB30038998C /* Products */;
			projectDirPath = "";
			projectRoot = "";
			targets = (
				1BD028FC1D6F4DB30038998C /* 001_EncoderA */,
			);
		};
/* End PBXProject section */

/* Begin PBXSourcesBuildPhase section */
		1BD028F91D6F4DB30038998C /* Sources */ = {
			isa = PBXSourcesBuildPhase;
			buildActionMask = 2147483647;
			files = (
				1B210C2E1E840A7200B55100 /* SymCipherFunction.cpp in Sources */,
				1B210C081E840A7200B55100 /* Base64.cpp in Sources */,
				1B210C3A1E840A7200B55100 /* SymModePCBC.cpp in Sources */,
				1B210C401E840A7200B55100 /* SymSeed128.cpp in Sources */,
				1B210C301E840A7200B55100 /* SymModeCBC.cpp in Sources */,
				1B210C031E840A7200B55100 /* aescrypt.c in Sources */,
				1B210C071E840A7200B55100 /* aestab.c in Sources */,
				1B210CD11E840DCE00B55100 /* match.cpp in Sources */,
				1B210C361E840A7200B55100 /* SymModeECB.cpp in Sources */,
				1B210C3E1E840A7200B55100 /* SymPlain.cpp in Sources */,
				1B210CD51E840DCE00B55100 /* ui.cpp in Sources */,
				1B210C101E840A7200B55100 /* md5.cpp in Sources */,
				1B210C0C1E840A7200B55100 /* HashFunction.cpp in Sources */,
				1B210C421E840A7200B55100 /* SymSeed256.cpp in Sources */,
				1B210C381E840A7200B55100 /* SymModeOFB.cpp in Sources */,
				1B210C2A1E840A7200B55100 /* SymAES.cpp in Sources */,
				1B210C161E840A7200B55100 /* SHA1.cpp in Sources */,
				1B210C2C1E840A7200B55100 /* SymCipher.cpp in Sources */,
				1B210C041E840A7200B55100 /* aeshash.c in Sources */,
				1B210C0A1E840A7200B55100 /* has160.cpp in Sources */,
				1B210CCD1E840DCE00B55100 /* find-file-size.cpp in Sources */,
				1B210C121E840A7200B55100 /* SEED_128_KISA.cpp in Sources */,
				1B210C3C1E840A7200B55100 /* SymModePlain.cpp in Sources */,
				1B210C141E840A7200B55100 /* SEED_256_KISA.cpp in Sources */,
				1B210C281E840A7200B55100 /* StringFunction.cpp in Sources */,
				1B210C341E840A7200B55100 /* SymModeCTR.cpp in Sources */,
				1B210CCB1E840DCE00B55100 /* filedata.cpp in Sources */,
				1B90CF0D1F57C01F003D5EAF /* StringSymCipherFunction.cpp in Sources */,
				1B210C181E840A7200B55100 /* sha256.cpp in Sources */,
				1B210CCE1E840DCE00B55100 /* fuzzy.cpp in Sources */,
				1B210CC91E840DCE00B55100 /* edit_dist.cpp in Sources */,
				1B210CD01E840DCE00B55100 /* helpers.cpp in Sources */,
				1B210C321E840A7200B55100 /* SymModeCFB.cpp in Sources */,
				1B210C051E840A7200B55100 /* aeskey.c in Sources */,
			);
			runOnlyForDeploymentPostprocessing = 0;
		};
/* End PBXSourcesBuildPhase section */

/* Begin XCBuildConfiguration section */
		1BD029041D6F4DB30038998C /* Debug */ = {
			isa = XCBuildConfiguration;
			buildSettings = {
				ALWAYS_SEARCH_USER_PATHS = NO;
				CLANG_ANALYZER_NONNULL = YES;
				CLANG_CXX_LANGUAGE_STANDARD = "gnu++0x";
				CLANG_CXX_LIBRARY = "libc++";
				CLANG_ENABLE_MODULES = YES;
				CLANG_ENABLE_OBJC_ARC = YES;
				CLANG_WARN_BOOL_CONVERSION = YES;
				CLANG_WARN_CONSTANT_CONVERSION = YES;
				CLANG_WARN_DIRECT_OBJC_ISA_USAGE = YES_ERROR;
				CLANG_WARN_EMPTY_BODY = YES;
				CLANG_WARN_ENUM_CONVERSION = YES;
				CLANG_WARN_INFINITE_RECURSION = YES;
				CLANG_WARN_INT_CONVERSION = YES;
				CLANG_WARN_OBJC_ROOT_CLASS = YES_ERROR;
				CLANG_WARN_SUSPICIOUS_MOVE = YES;
				CLANG_WARN_UNREACHABLE_CODE = YES;
				CLANG_WARN__DUPLICATE_METHOD_MATCH = YES;
				CODE_SIGN_IDENTITY = "-";
				COPY_PHASE_STRIP = NO;
				DEBUG_INFORMATION_FORMAT = dwarf;
				ENABLE_STRICT_OBJC_MSGSEND = YES;
				ENABLE_TESTABILITY = YES;
				GCC_C_LANGUAGE_STANDARD = gnu99;
				GCC_DYNAMIC_NO_PIC = NO;
				GCC_NO_COMMON_BLOCKS = YES;
				GCC_OPTIMIZATION_LEVEL = 0;
				GCC_PREPROCESSOR_DEFINITIONS = (
					"DEBUG=1",
					"$(inherited)",
				);
				GCC_WARN_64_TO_32_BIT_CONVERSION = YES;
				GCC_WARN_ABOUT_RETURN_TYPE = YES_ERROR;
				GCC_WARN_UNDECLARED_SELECTOR = YES;
				GCC_WARN_UNINITIALIZED_AUTOS = YES_AGGRESSIVE;
				GCC_WARN_UNUSED_FUNCTION = YES;
				GCC_WARN_UNUSED_VARIABLE = YES;
				MACOSX_DEPLOYMENT_TARGET = 10.11;
				MTL_ENABLE_DEBUG_INFO = YES;
				ONLY_ACTIVE_ARCH = YES;
				SDKROOT = macosx;
			};
			name = Debug;
		};
		1BD029051D6F4DB30038998C /* Release */ = {
			isa = XCBuildConfiguration;
			buildSettings = {
				ALWAYS_SEARCH_USER_PATHS = NO;
				CLANG_ANALYZER_NONNULL = YES;
				CLANG_CXX_LANGUAGE_STANDARD = "gnu++0x";
				CLANG_CXX_LIBRARY = "libc++";
				CLANG_ENABLE_MODULES = YES;
				CLANG_ENABLE_OBJC_ARC = YES;
				CLANG_WARN_BOOL_CONVERSION = YES;
				CLANG_WARN_CONSTANT_CONVERSION = YES;
				CLANG_WARN_DIRECT_OBJC_ISA_USAGE = YES_ERROR;
				CLANG_WARN_EMPTY_BODY = YES;
				CLANG_WARN_ENUM_CONVERSION = YES;
				CLANG_WARN_INFINITE_RECURSION = YES;
				CLANG_WARN_INT_CONVERSION = YES;
				CLANG_WARN_OBJC_ROOT_CLASS = YES_ERROR;
				CLANG_WARN_SUSPICIOUS_MOVE = YES;
				CLANG_WARN_UNREACHABLE_CODE = YES;
				CLANG_WARN__DUPLICATE_METHOD_MATCH = YES;
				CODE_SIGN_IDENTITY = "-";
				COPY_PHASE_STRIP = NO;
				DEBUG_INFORMATION_FORMAT = "dwarf-with-dsym";
				ENABLE_NS_ASSERTIONS = NO;
				ENABLE_STRICT_OBJC_MSGSEND = YES;
				GCC_C_LANGUAGE_STANDARD = gnu99;
				GCC_NO_COMMON_BLOCKS = YES;
				GCC_WARN_64_TO_32_BIT_CONVERSION = YES;
				GCC_WARN_ABOUT_RETURN_TYPE = YES_ERROR;
				GCC_WARN_UNDECLARED_SELECTOR = YES;
				GCC_WARN_UNINITIALIZED_AUTOS = YES_AGGRESSIVE;
				GCC_WARN_UNUSED_FUNCTION = YES;
				GCC_WARN_UNUSED_VARIABLE = YES;
				MACOSX_DEPLOYMENT_TARGET = 10.11;
				MTL_ENABLE_DEBUG_INFO = NO;
				SDKROOT = macosx;
			};
			name = Release;
		};
		1BD029071D6F4DB30038998C /* Debug */ = {
			isa = XCBuildConfiguration;
			buildSettings = {
				EXECUTABLE_PREFIX = lib;
				PRODUCT_NAME = "$(TARGET_NAME)";
			};
			name = Debug;
		};
		1BD029081D6F4DB30038998C /* Release */ = {
			isa = XCBuildConfiguration;
			buildSettings = {
				EXECUTABLE_PREFIX = lib;
				PRODUCT_NAME = "$(TARGET_NAME)";
			};
			name = Release;
		};
/* End XCBuildConfiguration section */

/* Begin XCConfigurationList section */
		1BD028F81D6F4DB30038998C /* Build configuration list for PBXProject "001_EncoderA" */ = {
			isa = XCConfigurationList;
			buildConfigurations = (
				1BD029041D6F4DB30038998C /* Debug */,
				1BD029051D6F4DB30038998C /* Release */,
			);
			defaultConfigurationIsVisible = 0;
			defaultConfigurationName = Release;
		};
		1BD029061D6F4DB30038998C /* Build configuration list for PBXNativeTarget "001_EncoderA" */ = {
			isa = XCConfigurationList;
			buildConfigurations = (
				1BD029071D6F4DB30038998C /* Debug */,
				1BD029081D6F4DB30038998C /* Release */,
			);
			defaultConfigurationIsVisible = 0;
			defaultConfigurationName = Release;
		};
/* End XCConfigurationList section */
	};
	rootObject = 1BD028F51D6F4DB30038998C /* Project object */;
}
