// !$*UTF8*$!
{
	archiveVersion = 1;
	classes = {
	};
	objectVersion = 46;
	objects = {

/* Begin PBXBuildFile section */
		1B0822A720BE415500F31B36 /* TextFileWriterT.cpp in Sources */ = {isa = PBXBuildFile; fileRef = 1B0822A620BE415500F31B36 /* TextFileWriterT.cpp */; };
		1B1E0CA01FC8071800977FEC /* PEParserT.cpp in Sources */ = {isa = PBXBuildFile; fileRef = 1B1E0C9F1FC8071700977FEC /* PEParserT.cpp */; };
		1B3B73221E9280C000DE8D77 /* CriticalSection.cpp in Sources */ = {isa = PBXBuildFile; fileRef = 1B3B73091E9280C000DE8D77 /* CriticalSection.cpp */; };
		1B3B73231E9280C000DE8D77 /* CriticalSection.h in Headers */ = {isa = PBXBuildFile; fileRef = 1B3B730A1E9280C000DE8D77 /* CriticalSection.h */; };
		1B3B73241E9280C000DE8D77 /* INIParser.cpp in Sources */ = {isa = PBXBuildFile; fileRef = 1B3B730B1E9280C000DE8D77 /* INIParser.cpp */; };
		1B3B73251E9280C000DE8D77 /* INIParser.h in Headers */ = {isa = PBXBuildFile; fileRef = 1B3B730C1E9280C000DE8D77 /* INIParser.h */; };
		1B3B73261E9280C000DE8D77 /* INIParserFunc.cpp in Sources */ = {isa = PBXBuildFile; fileRef = 1B3B730D1E9280C000DE8D77 /* INIParserFunc.cpp */; };
		1B3B73271E9280C000DE8D77 /* INIParserFunc.h in Headers */ = {isa = PBXBuildFile; fileRef = 1B3B730E1E9280C000DE8D77 /* INIParserFunc.h */; };
		1B3B73281E9280C000DE8D77 /* Log.cpp in Sources */ = {isa = PBXBuildFile; fileRef = 1B3B730F1E9280C000DE8D77 /* Log.cpp */; };
		1B3B73291E9280C000DE8D77 /* Log.h in Headers */ = {isa = PBXBuildFile; fileRef = 1B3B73101E9280C000DE8D77 /* Log.h */; };
		1B3B732A1E9280C000DE8D77 /* Mutex.cpp in Sources */ = {isa = PBXBuildFile; fileRef = 1B3B73111E9280C000DE8D77 /* Mutex.cpp */; };
		1B3B732B1E9280C000DE8D77 /* Mutex.h in Headers */ = {isa = PBXBuildFile; fileRef = 1B3B73121E9280C000DE8D77 /* Mutex.h */; };
		1B3B732C1E9280C000DE8D77 /* PEParser.cpp in Sources */ = {isa = PBXBuildFile; fileRef = 1B3B73131E9280C000DE8D77 /* PEParser.cpp */; };
		1B3B732D1E9280C000DE8D77 /* PEParser.h in Headers */ = {isa = PBXBuildFile; fileRef = 1B3B73141E9280C000DE8D77 /* PEParser.h */; };
		1B3B732E1E9280C000DE8D77 /* PEParserData.h in Headers */ = {isa = PBXBuildFile; fileRef = 1B3B73151E9280C000DE8D77 /* PEParserData.h */; };
		1B3B732F1E9280C000DE8D77 /* SafeQueue.h in Headers */ = {isa = PBXBuildFile; fileRef = 1B3B73161E9280C000DE8D77 /* SafeQueue.h */; };
		1B3B73301E9280C000DE8D77 /* stdafx.h in Headers */ = {isa = PBXBuildFile; fileRef = 1B3B73171E9280C000DE8D77 /* stdafx.h */; };
		1B3B73321E9280C000DE8D77 /* SyncQueue.h in Headers */ = {isa = PBXBuildFile; fileRef = 1B3B73191E9280C000DE8D77 /* SyncQueue.h */; };
		1B3B73341E9280C000DE8D77 /* TextFileReader.cpp in Sources */ = {isa = PBXBuildFile; fileRef = 1B3B731B1E9280C000DE8D77 /* TextFileReader.cpp */; };
		1B3B73351E9280C000DE8D77 /* TextFileReader.h in Headers */ = {isa = PBXBuildFile; fileRef = 1B3B731C1E9280C000DE8D77 /* TextFileReader.h */; };
		1B3B73361E9280C000DE8D77 /* TextFileWriter.cpp in Sources */ = {isa = PBXBuildFile; fileRef = 1B3B731D1E9280C000DE8D77 /* TextFileWriter.cpp */; };
		1B3B73371E9280C000DE8D77 /* TextFileWriter.h in Headers */ = {isa = PBXBuildFile; fileRef = 1B3B731E1E9280C000DE8D77 /* TextFileWriter.h */; };
		1B3B73381E9280C000DE8D77 /* Uncopyable.h in Headers */ = {isa = PBXBuildFile; fileRef = 1B3B731F1E9280C000DE8D77 /* Uncopyable.h */; };
		1B3B73391E9280C000DE8D77 /* Utility.cpp in Sources */ = {isa = PBXBuildFile; fileRef = 1B3B73201E9280C000DE8D77 /* Utility.cpp */; };
		1B3B733A1E9280C000DE8D77 /* Utility.h in Headers */ = {isa = PBXBuildFile; fileRef = 1B3B73211E9280C000DE8D77 /* Utility.h */; };
		1B612B561F5005F2002FA4A0 /* FileUtility.cpp in Sources */ = {isa = PBXBuildFile; fileRef = 1B612B531F5005F2002FA4A0 /* FileUtility.cpp */; };
		1B612B571F5005F2002FA4A0 /* FileUtility.h in Headers */ = {isa = PBXBuildFile; fileRef = 1B612B541F5005F2002FA4A0 /* FileUtility.h */; };
		1B612B581F5005F2002FA4A0 /* UtilityT.cpp in Sources */ = {isa = PBXBuildFile; fileRef = 1B612B551F5005F2002FA4A0 /* UtilityT.cpp */; };
		1B6D568A203A8A9100EAE70F /* Semaphore.cpp in Sources */ = {isa = PBXBuildFile; fileRef = 1B6D567D203A8A8E00EAE70F /* Semaphore.cpp */; };
		1B6D568B203A8A9100EAE70F /* MemoryMappedFile.h in Headers */ = {isa = PBXBuildFile; fileRef = 1B6D567E203A8A8F00EAE70F /* MemoryMappedFile.h */; };
		1B6D568C203A8A9100EAE70F /* IMemoryAccess.h in Headers */ = {isa = PBXBuildFile; fileRef = 1B6D567F203A8A8F00EAE70F /* IMemoryAccess.h */; };
		1B6D568D203A8A9100EAE70F /* MemoryMappedFileT.cpp in Sources */ = {isa = PBXBuildFile; fileRef = 1B6D5680203A8A8F00EAE70F /* MemoryMappedFileT.cpp */; };
		1B6D568E203A8A9100EAE70F /* MemoryMappedFile.cpp in Sources */ = {isa = PBXBuildFile; fileRef = 1B6D5681203A8A8F00EAE70F /* MemoryMappedFile.cpp */; };
		1B6D568F203A8A9100EAE70F /* LockFreeQueue.h in Headers */ = {isa = PBXBuildFile; fileRef = 1B6D5682203A8A8F00EAE70F /* LockFreeQueue.h */; };
		1B6D5690203A8A9100EAE70F /* SharedMemory.h in Headers */ = {isa = PBXBuildFile; fileRef = 1B6D5683203A8A8F00EAE70F /* SharedMemory.h */; };
		1B6D5691203A8A9100EAE70F /* SharedMemory.cpp in Sources */ = {isa = PBXBuildFile; fileRef = 1B6D5684203A8A9000EAE70F /* SharedMemory.cpp */; };
		1B6D5692203A8A9100EAE70F /* TextFileReaderT.cpp in Sources */ = {isa = PBXBuildFile; fileRef = 1B6D5685203A8A9000EAE70F /* TextFileReaderT.cpp */; };
		1B6D5693203A8A9100EAE70F /* CircularQueue.h in Headers */ = {isa = PBXBuildFile; fileRef = 1B6D5686203A8A9000EAE70F /* CircularQueue.h */; };
		1B6D5694203A8A9100EAE70F /* Semaphore.h in Headers */ = {isa = PBXBuildFile; fileRef = 1B6D5687203A8A9000EAE70F /* Semaphore.h */; };
		1B6D5695203A8A9100EAE70F /* MutexT.cpp in Sources */ = {isa = PBXBuildFile; fileRef = 1B6D5688203A8A9000EAE70F /* MutexT.cpp */; };
		1B6D5696203A8A9100EAE70F /* SemaphoreT.cpp in Sources */ = {isa = PBXBuildFile; fileRef = 1B6D5689203A8A9000EAE70F /* SemaphoreT.cpp */; };
		1B7572F21E79776D000430BC /* Common.h in Headers */ = {isa = PBXBuildFile; fileRef = 1B7572F01E79776D000430BC /* Common.h */; };
		1BCF78F32071FE3A00A9C68A /* zip.h in Headers */ = {isa = PBXBuildFile; fileRef = 1BCF78EF2071FE3900A9C68A /* zip.h */; };
		1BCF78F42071FE3A00A9C68A /* unzip.h in Headers */ = {isa = PBXBuildFile; fileRef = 1BCF78F02071FE3A00A9C68A /* unzip.h */; };
		1BCF78F52071FE3A00A9C68A /* unzip.cpp in Sources */ = {isa = PBXBuildFile; fileRef = 1BCF78F12071FE3A00A9C68A /* unzip.cpp */; };
		1BCF78F62071FE3A00A9C68A /* zip.cpp in Sources */ = {isa = PBXBuildFile; fileRef = 1BCF78F22071FE3A00A9C68A /* zip.cpp */; };
		1BDF77E61FD1438A00F35AB1 /* Thread.h in Headers */ = {isa = PBXBuildFile; fileRef = 1BDF77E41FD1438A00F35AB1 /* Thread.h */; };
		1BDF77E71FD1438A00F35AB1 /* Thread.cpp in Sources */ = {isa = PBXBuildFile; fileRef = 1BDF77E51FD1438A00F35AB1 /* Thread.cpp */; };
		1BF570D51F662ECA0045482B /* HashFunction.cpp in Sources */ = {isa = PBXBuildFile; fileRef = 1BF570D31F662ECA0045482B /* HashFunction.cpp */; };
		1BF570D61F662ECA0045482B /* HashFunction.h in Headers */ = {isa = PBXBuildFile; fileRef = 1BF570D41F662ECA0045482B /* HashFunction.h */; };
/* End PBXBuildFile section */

/* Begin PBXFileReference section */
		1B0822A620BE415500F31B36 /* TextFileWriterT.cpp */ = {isa = PBXFileReference; fileEncoding = 4; lastKnownFileType = sourcecode.cpp.cpp; path = TextFileWriterT.cpp; sourceTree = "<group>"; };
		1B1E0C9F1FC8071700977FEC /* PEParserT.cpp */ = {isa = PBXFileReference; fileEncoding = 4; lastKnownFileType = sourcecode.cpp.cpp; path = PEParserT.cpp; sourceTree = "<group>"; };
		1B3B73091E9280C000DE8D77 /* CriticalSection.cpp */ = {isa = PBXFileReference; fileEncoding = 4; lastKnownFileType = sourcecode.cpp.cpp; path = CriticalSection.cpp; sourceTree = "<group>"; };
		1B3B730A1E9280C000DE8D77 /* CriticalSection.h */ = {isa = PBXFileReference; fileEncoding = 4; lastKnownFileType = sourcecode.c.h; path = CriticalSection.h; sourceTree = "<group>"; };
		1B3B730B1E9280C000DE8D77 /* INIParser.cpp */ = {isa = PBXFileReference; fileEncoding = 4; lastKnownFileType = sourcecode.cpp.cpp; path = INIParser.cpp; sourceTree = "<group>"; };
		1B3B730C1E9280C000DE8D77 /* INIParser.h */ = {isa = PBXFileReference; fileEncoding = 4; lastKnownFileType = sourcecode.c.h; path = INIParser.h; sourceTree = "<group>"; };
		1B3B730D1E9280C000DE8D77 /* INIParserFunc.cpp */ = {isa = PBXFileReference; fileEncoding = 4; lastKnownFileType = sourcecode.cpp.cpp; path = INIParserFunc.cpp; sourceTree = "<group>"; };
		1B3B730E1E9280C000DE8D77 /* INIParserFunc.h */ = {isa = PBXFileReference; fileEncoding = 4; lastKnownFileType = sourcecode.c.h; path = INIParserFunc.h; sourceTree = "<group>"; };
		1B3B730F1E9280C000DE8D77 /* Log.cpp */ = {isa = PBXFileReference; fileEncoding = 4; lastKnownFileType = sourcecode.cpp.cpp; path = Log.cpp; sourceTree = "<group>"; };
		1B3B73101E9280C000DE8D77 /* Log.h */ = {isa = PBXFileReference; fileEncoding = 4; lastKnownFileType = sourcecode.c.h; path = Log.h; sourceTree = "<group>"; };
		1B3B73111E9280C000DE8D77 /* Mutex.cpp */ = {isa = PBXFileReference; fileEncoding = 4; lastKnownFileType = sourcecode.cpp.cpp; path = Mutex.cpp; sourceTree = "<group>"; };
		1B3B73121E9280C000DE8D77 /* Mutex.h */ = {isa = PBXFileReference; fileEncoding = 4; lastKnownFileType = sourcecode.c.h; path = Mutex.h; sourceTree = "<group>"; };
		1B3B73131E9280C000DE8D77 /* PEParser.cpp */ = {isa = PBXFileReference; fileEncoding = 4; lastKnownFileType = sourcecode.cpp.cpp; path = PEParser.cpp; sourceTree = "<group>"; };
		1B3B73141E9280C000DE8D77 /* PEParser.h */ = {isa = PBXFileReference; fileEncoding = 4; lastKnownFileType = sourcecode.c.h; path = PEParser.h; sourceTree = "<group>"; };
		1B3B73151E9280C000DE8D77 /* PEParserData.h */ = {isa = PBXFileReference; fileEncoding = 4; lastKnownFileType = sourcecode.c.h; path = PEParserData.h; sourceTree = "<group>"; };
		1B3B73161E9280C000DE8D77 /* SafeQueue.h */ = {isa = PBXFileReference; fileEncoding = 4; lastKnownFileType = sourcecode.c.h; path = SafeQueue.h; sourceTree = "<group>"; };
		1B3B73171E9280C000DE8D77 /* stdafx.h */ = {isa = PBXFileReference; fileEncoding = 4; lastKnownFileType = sourcecode.c.h; path = stdafx.h; sourceTree = "<group>"; };
		1B3B73191E9280C000DE8D77 /* SyncQueue.h */ = {isa = PBXFileReference; fileEncoding = 4; lastKnownFileType = sourcecode.c.h; path = SyncQueue.h; sourceTree = "<group>"; };
		1B3B731B1E9280C000DE8D77 /* TextFileReader.cpp */ = {isa = PBXFileReference; fileEncoding = 4; lastKnownFileType = sourcecode.cpp.cpp; path = TextFileReader.cpp; sourceTree = "<group>"; };
		1B3B731C1E9280C000DE8D77 /* TextFileReader.h */ = {isa = PBXFileReference; fileEncoding = 4; lastKnownFileType = sourcecode.c.h; path = TextFileReader.h; sourceTree = "<group>"; };
		1B3B731D1E9280C000DE8D77 /* TextFileWriter.cpp */ = {isa = PBXFileReference; fileEncoding = 4; lastKnownFileType = sourcecode.cpp.cpp; path = TextFileWriter.cpp; sourceTree = "<group>"; };
		1B3B731E1E9280C000DE8D77 /* TextFileWriter.h */ = {isa = PBXFileReference; fileEncoding = 4; lastKnownFileType = sourcecode.c.h; path = TextFileWriter.h; sourceTree = "<group>"; };
		1B3B731F1E9280C000DE8D77 /* Uncopyable.h */ = {isa = PBXFileReference; fileEncoding = 4; lastKnownFileType = sourcecode.c.h; path = Uncopyable.h; sourceTree = "<group>"; };
		1B3B73201E9280C000DE8D77 /* Utility.cpp */ = {isa = PBXFileReference; fileEncoding = 4; lastKnownFileType = sourcecode.cpp.cpp; path = Utility.cpp; sourceTree = "<group>"; };
		1B3B73211E9280C000DE8D77 /* Utility.h */ = {isa = PBXFileReference; fileEncoding = 4; lastKnownFileType = sourcecode.c.h; path = Utility.h; sourceTree = "<group>"; };
		1B612B531F5005F2002FA4A0 /* FileUtility.cpp */ = {isa = PBXFileReference; fileEncoding = 4; lastKnownFileType = sourcecode.cpp.cpp; path = FileUtility.cpp; sourceTree = "<group>"; };
		1B612B541F5005F2002FA4A0 /* FileUtility.h */ = {isa = PBXFileReference; fileEncoding = 4; lastKnownFileType = sourcecode.c.h; path = FileUtility.h; sourceTree = "<group>"; };
		1B612B551F5005F2002FA4A0 /* UtilityT.cpp */ = {isa = PBXFileReference; fileEncoding = 4; lastKnownFileType = sourcecode.cpp.cpp; path = UtilityT.cpp; sourceTree = "<group>"; };
		1B6D567D203A8A8E00EAE70F /* Semaphore.cpp */ = {isa = PBXFileReference; fileEncoding = 4; lastKnownFileType = sourcecode.cpp.cpp; path = Semaphore.cpp; sourceTree = "<group>"; };
		1B6D567E203A8A8F00EAE70F /* MemoryMappedFile.h */ = {isa = PBXFileReference; fileEncoding = 4; lastKnownFileType = sourcecode.c.h; path = MemoryMappedFile.h; sourceTree = "<group>"; };
		1B6D567F203A8A8F00EAE70F /* IMemoryAccess.h */ = {isa = PBXFileReference; fileEncoding = 4; lastKnownFileType = sourcecode.c.h; path = IMemoryAccess.h; sourceTree = "<group>"; };
		1B6D5680203A8A8F00EAE70F /* MemoryMappedFileT.cpp */ = {isa = PBXFileReference; fileEncoding = 4; lastKnownFileType = sourcecode.cpp.cpp; path = MemoryMappedFileT.cpp; sourceTree = "<group>"; };
		1B6D5681203A8A8F00EAE70F /* MemoryMappedFile.cpp */ = {isa = PBXFileReference; fileEncoding = 4; lastKnownFileType = sourcecode.cpp.cpp; path = MemoryMappedFile.cpp; sourceTree = "<group>"; };
		1B6D5682203A8A8F00EAE70F /* LockFreeQueue.h */ = {isa = PBXFileReference; fileEncoding = 4; lastKnownFileType = sourcecode.c.h; path = LockFreeQueue.h; sourceTree = "<group>"; };
		1B6D5683203A8A8F00EAE70F /* SharedMemory.h */ = {isa = PBXFileReference; fileEncoding = 4; lastKnownFileType = sourcecode.c.h; path = SharedMemory.h; sourceTree = "<group>"; };
		1B6D5684203A8A9000EAE70F /* SharedMemory.cpp */ = {isa = PBXFileReference; fileEncoding = 4; lastKnownFileType = sourcecode.cpp.cpp; path = SharedMemory.cpp; sourceTree = "<group>"; };
		1B6D5685203A8A9000EAE70F /* TextFileReaderT.cpp */ = {isa = PBXFileReference; fileEncoding = 4; lastKnownFileType = sourcecode.cpp.cpp; path = TextFileReaderT.cpp; sourceTree = "<group>"; };
		1B6D5686203A8A9000EAE70F /* CircularQueue.h */ = {isa = PBXFileReference; fileEncoding = 4; lastKnownFileType = sourcecode.c.h; path = CircularQueue.h; sourceTree = "<group>"; };
		1B6D5687203A8A9000EAE70F /* Semaphore.h */ = {isa = PBXFileReference; fileEncoding = 4; lastKnownFileType = sourcecode.c.h; path = Semaphore.h; sourceTree = "<group>"; };
		1B6D5688203A8A9000EAE70F /* MutexT.cpp */ = {isa = PBXFileReference; fileEncoding = 4; lastKnownFileType = sourcecode.cpp.cpp; path = MutexT.cpp; sourceTree = "<group>"; };
		1B6D5689203A8A9000EAE70F /* SemaphoreT.cpp */ = {isa = PBXFileReference; fileEncoding = 4; lastKnownFileType = sourcecode.cpp.cpp; path = SemaphoreT.cpp; sourceTree = "<group>"; };
		1B7572F01E79776D000430BC /* Common.h */ = {isa = PBXFileReference; fileEncoding = 4; lastKnownFileType = sourcecode.c.h; path = Common.h; sourceTree = "<group>"; };
		1BCF78EF2071FE3900A9C68A /* zip.h */ = {isa = PBXFileReference; fileEncoding = 4; lastKnownFileType = sourcecode.c.h; path = zip.h; sourceTree = "<group>"; };
		1BCF78F02071FE3A00A9C68A /* unzip.h */ = {isa = PBXFileReference; fileEncoding = 4; lastKnownFileType = sourcecode.c.h; path = unzip.h; sourceTree = "<group>"; };
		1BCF78F12071FE3A00A9C68A /* unzip.cpp */ = {isa = PBXFileReference; fileEncoding = 4; lastKnownFileType = sourcecode.cpp.cpp; path = unzip.cpp; sourceTree = "<group>"; };
		1BCF78F22071FE3A00A9C68A /* zip.cpp */ = {isa = PBXFileReference; fileEncoding = 4; lastKnownFileType = sourcecode.cpp.cpp; path = zip.cpp; sourceTree = "<group>"; };
		1BD028FD1D6F4DB30038998C /* lib200_CommonW.a */ = {isa = PBXFileReference; explicitFileType = archive.ar; includeInIndex = 0; path = lib200_CommonW.a; sourceTree = BUILT_PRODUCTS_DIR; };
		1BDF77E41FD1438A00F35AB1 /* Thread.h */ = {isa = PBXFileReference; fileEncoding = 4; lastKnownFileType = sourcecode.c.h; path = Thread.h; sourceTree = "<group>"; };
		1BDF77E51FD1438A00F35AB1 /* Thread.cpp */ = {isa = PBXFileReference; fileEncoding = 4; lastKnownFileType = sourcecode.cpp.cpp; path = Thread.cpp; sourceTree = "<group>"; };
		1BF570D31F662ECA0045482B /* HashFunction.cpp */ = {isa = PBXFileReference; fileEncoding = 4; lastKnownFileType = sourcecode.cpp.cpp; path = HashFunction.cpp; sourceTree = "<group>"; };
		1BF570D41F662ECA0045482B /* HashFunction.h */ = {isa = PBXFileReference; fileEncoding = 4; lastKnownFileType = sourcecode.c.h; path = HashFunction.h; sourceTree = "<group>"; };
/* End PBXFileReference section */

/* Begin PBXFrameworksBuildPhase section */
		1BD028FA1D6F4DB30038998C /* Frameworks */ = {
			isa = PBXFrameworksBuildPhase;
			buildActionMask = 2147483647;
			files = (
			);
			runOnlyForDeploymentPostprocessing = 0;
		};
/* End PBXFrameworksBuildPhase section */

/* Begin PBXGroup section */
		1BD028F41D6F4DB30038998C = {
			isa = PBXGroup;
			children = (
				1B0822A620BE415500F31B36 /* TextFileWriterT.cpp */,
				1BCF78F12071FE3A00A9C68A /* unzip.cpp */,
				1BCF78F02071FE3A00A9C68A /* unzip.h */,
				1BCF78F22071FE3A00A9C68A /* zip.cpp */,
				1BCF78EF2071FE3900A9C68A /* zip.h */,
				1B6D5686203A8A9000EAE70F /* CircularQueue.h */,
				1B6D567F203A8A8F00EAE70F /* IMemoryAccess.h */,
				1B6D5682203A8A8F00EAE70F /* LockFreeQueue.h */,
				1B6D5681203A8A8F00EAE70F /* MemoryMappedFile.cpp */,
				1B6D567E203A8A8F00EAE70F /* MemoryMappedFile.h */,
				1B6D5680203A8A8F00EAE70F /* MemoryMappedFileT.cpp */,
				1B6D5688203A8A9000EAE70F /* MutexT.cpp */,
				1B6D567D203A8A8E00EAE70F /* Semaphore.cpp */,
				1B6D5687203A8A9000EAE70F /* Semaphore.h */,
				1B6D5689203A8A9000EAE70F /* SemaphoreT.cpp */,
				1B6D5684203A8A9000EAE70F /* SharedMemory.cpp */,
				1B6D5683203A8A8F00EAE70F /* SharedMemory.h */,
				1B6D5685203A8A9000EAE70F /* TextFileReaderT.cpp */,
				1BDF77E51FD1438A00F35AB1 /* Thread.cpp */,
				1BDF77E41FD1438A00F35AB1 /* Thread.h */,
				1B1E0C9F1FC8071700977FEC /* PEParserT.cpp */,
				1BF570D31F662ECA0045482B /* HashFunction.cpp */,
				1BF570D41F662ECA0045482B /* HashFunction.h */,
				1B612B531F5005F2002FA4A0 /* FileUtility.cpp */,
				1B612B541F5005F2002FA4A0 /* FileUtility.h */,
				1B612B551F5005F2002FA4A0 /* UtilityT.cpp */,
				1B3B73091E9280C000DE8D77 /* CriticalSection.cpp */,
				1B3B730A1E9280C000DE8D77 /* CriticalSection.h */,
				1B3B730B1E9280C000DE8D77 /* INIParser.cpp */,
				1B3B730C1E9280C000DE8D77 /* INIParser.h */,
				1B3B730D1E9280C000DE8D77 /* INIParserFunc.cpp */,
				1B3B730E1E9280C000DE8D77 /* INIParserFunc.h */,
				1B3B730F1E9280C000DE8D77 /* Log.cpp */,
				1B3B73101E9280C000DE8D77 /* Log.h */,
				1B3B73111E9280C000DE8D77 /* Mutex.cpp */,
				1B3B73121E9280C000DE8D77 /* Mutex.h */,
				1B3B73131E9280C000DE8D77 /* PEParser.cpp */,
				1B3B73141E9280C000DE8D77 /* PEParser.h */,
				1B3B73151E9280C000DE8D77 /* PEParserData.h */,
				1B3B73161E9280C000DE8D77 /* SafeQueue.h */,
				1B3B73171E9280C000DE8D77 /* stdafx.h */,
				1B3B73191E9280C000DE8D77 /* SyncQueue.h */,
				1B3B731B1E9280C000DE8D77 /* TextFileReader.cpp */,
				1B3B731C1E9280C000DE8D77 /* TextFileReader.h */,
				1B3B731D1E9280C000DE8D77 /* TextFileWriter.cpp */,
				1B3B731E1E9280C000DE8D77 /* TextFileWriter.h */,
				1B3B731F1E9280C000DE8D77 /* Uncopyable.h */,
				1B3B73201E9280C000DE8D77 /* Utility.cpp */,
				1B3B73211E9280C000DE8D77 /* Utility.h */,
				1B7572F01E79776D000430BC /* Common.h */,
				1BD028FE1D6F4DB30038998C /* Products */,
			);
			sourceTree = "<group>";
		};
		1BD028FE1D6F4DB30038998C /* Products */ = {
			isa = PBXGroup;
			children = (
				1BD028FD1D6F4DB30038998C /* lib200_CommonW.a */,
			);
			name = Products;
			sourceTree = "<group>";
		};
/* End PBXGroup section */

/* Begin PBXHeadersBuildPhase section */
		1BD028FB1D6F4DB30038998C /* Headers */ = {
			isa = PBXHeadersBuildPhase;
			buildActionMask = 2147483647;
			files = (
				1B3B732E1E9280C000DE8D77 /* PEParserData.h in Headers */,
				1B6D5693203A8A9100EAE70F /* CircularQueue.h in Headers */,
				1B3B732B1E9280C000DE8D77 /* Mutex.h in Headers */,
				1B3B73371E9280C000DE8D77 /* TextFileWriter.h in Headers */,
				1B3B73351E9280C000DE8D77 /* TextFileReader.h in Headers */,
				1B6D5694203A8A9100EAE70F /* Semaphore.h in Headers */,
				1B3B73301E9280C000DE8D77 /* stdafx.h in Headers */,
				1B6D568C203A8A9100EAE70F /* IMemoryAccess.h in Headers */,
				1BCF78F32071FE3A00A9C68A /* zip.h in Headers */,
				1B7572F21E79776D000430BC /* Common.h in Headers */,
				1B3B73291E9280C000DE8D77 /* Log.h in Headers */,
				1B612B571F5005F2002FA4A0 /* FileUtility.h in Headers */,
				1B3B733A1E9280C000DE8D77 /* Utility.h in Headers */,
				1B6D5690203A8A9100EAE70F /* SharedMemory.h in Headers */,
				1B6D568B203A8A9100EAE70F /* MemoryMappedFile.h in Headers */,
				1B3B732D1E9280C000DE8D77 /* PEParser.h in Headers */,
				1B3B732F1E9280C000DE8D77 /* SafeQueue.h in Headers */,
				1B3B73321E9280C000DE8D77 /* SyncQueue.h in Headers */,
				1B3B73381E9280C000DE8D77 /* Uncopyable.h in Headers */,
				1B3B73231E9280C000DE8D77 /* CriticalSection.h in Headers */,
				1B3B73271E9280C000DE8D77 /* INIParserFunc.h in Headers */,
				1BF570D61F662ECA0045482B /* HashFunction.h in Headers */,
				1B6D568F203A8A9100EAE70F /* LockFreeQueue.h in Headers */,
				1BDF77E61FD1438A00F35AB1 /* Thread.h in Headers */,
				1B3B73251E9280C000DE8D77 /* INIParser.h in Headers */,
				1BCF78F42071FE3A00A9C68A /* unzip.h in Headers */,
			);
			runOnlyForDeploymentPostprocessing = 0;
		};
/* End PBXHeadersBuildPhase section */

/* Begin PBXNativeTarget section */
		1BD028FC1D6F4DB30038998C /* 200_CommonW */ = {
			isa = PBXNativeTarget;
			buildConfigurationList = 1BD029061D6F4DB30038998C /* Build configuration list for PBXNativeTarget "200_CommonW" */;
			buildPhases = (
				1BD028F91D6F4DB30038998C /* Sources */,
				1BD028FA1D6F4DB30038998C /* Frameworks */,
				1BD028FB1D6F4DB30038998C /* Headers */,
			);
			buildRules = (
			);
			dependencies = (
			);
			name = 200_CommonW;
			productName = System;
			productReference = 1BD028FD1D6F4DB30038998C /* lib200_CommonW.a */;
			productType = "com.apple.product-type.library.static";
		};
/* End PBXNativeTarget section */

/* Begin PBXProject section */
		1BD028F51D6F4DB30038998C /* Project object */ = {
			isa = PBXProject;
			attributes = {
				LastUpgradeCheck = 0820;
				ORGANIZATIONNAME = Profrog.Sean;
				TargetAttributes = {
					1BD028FC1D6F4DB30038998C = {
						CreatedOnToolsVersion = 7.3.1;
					};
				};
			};
			buildConfigurationList = 1BD028F81D6F4DB30038998C /* Build configuration list for PBXProject "200_CommonW" */;
			compatibilityVersion = "Xcode 3.2";
			developmentRegion = English;
			hasScannedForEncodings = 0;
			knownRegions = (
				en,
			);
			mainGroup = 1BD028F41D6F4DB30038998C;
			productRefGroup = 1BD028FE1D6F4DB30038998C /* Products */;
			projectDirPath = "";
			projectRoot = "";
			targets = (
				1BD028FC1D6F4DB30038998C /* 200_CommonW */,
			);
		};
/* End PBXProject section */

/* Begin PBXSourcesBuildPhase section */
		1BD028F91D6F4DB30038998C /* Sources */ = {
			isa = PBXSourcesBuildPhase;
			buildActionMask = 2147483647;
			files = (
				1B3B73341E9280C000DE8D77 /* TextFileReader.cpp in Sources */,
				1B3B73221E9280C000DE8D77 /* CriticalSection.cpp in Sources */,
				1B0822A720BE415500F31B36 /* TextFileWriterT.cpp in Sources */,
				1B6D5695203A8A9100EAE70F /* MutexT.cpp in Sources */,
				1B3B73241E9280C000DE8D77 /* INIParser.cpp in Sources */,
				1B3B73281E9280C000DE8D77 /* Log.cpp in Sources */,
				1B3B732A1E9280C000DE8D77 /* Mutex.cpp in Sources */,
				1B6D5691203A8A9100EAE70F /* SharedMemory.cpp in Sources */,
				1B6D5692203A8A9100EAE70F /* TextFileReaderT.cpp in Sources */,
				1BCF78F52071FE3A00A9C68A /* unzip.cpp in Sources */,
				1B612B561F5005F2002FA4A0 /* FileUtility.cpp in Sources */,
				1B3B73391E9280C000DE8D77 /* Utility.cpp in Sources */,
				1B3B73361E9280C000DE8D77 /* TextFileWriter.cpp in Sources */,
				1B1E0CA01FC8071800977FEC /* PEParserT.cpp in Sources */,
				1BDF77E71FD1438A00F35AB1 /* Thread.cpp in Sources */,
				1B6D568D203A8A9100EAE70F /* MemoryMappedFileT.cpp in Sources */,
				1B612B581F5005F2002FA4A0 /* UtilityT.cpp in Sources */,
				1B3B73261E9280C000DE8D77 /* INIParserFunc.cpp in Sources */,
				1BF570D51F662ECA0045482B /* HashFunction.cpp in Sources */,
				1BCF78F62071FE3A00A9C68A /* zip.cpp in Sources */,
				1B6D568E203A8A9100EAE70F /* MemoryMappedFile.cpp in Sources */,
				1B6D5696203A8A9100EAE70F /* SemaphoreT.cpp in Sources */,
				1B6D568A203A8A9100EAE70F /* Semaphore.cpp in Sources */,
				1B3B732C1E9280C000DE8D77 /* PEParser.cpp in Sources */,
			);
			runOnlyForDeploymentPostprocessing = 0;
		};
/* End PBXSourcesBuildPhase section */

/* Begin XCBuildConfiguration section */
		1BD029041D6F4DB30038998C /* Debug */ = {
			isa = XCBuildConfiguration;
			buildSettings = {
				ALWAYS_SEARCH_USER_PATHS = NO;
				CLANG_ANALYZER_NONNULL = YES;
				CLANG_CXX_LANGUAGE_STANDARD = "gnu++0x";
				CLANG_CXX_LIBRARY = "libc++";
				CLANG_ENABLE_MODULES = YES;
				CLANG_ENABLE_OBJC_ARC = YES;
				CLANG_WARN_BOOL_CONVERSION = YES;
				CLANG_WARN_CONSTANT_CONVERSION = YES;
				CLANG_WARN_DIRECT_OBJC_ISA_USAGE = YES_ERROR;
				CLANG_WARN_EMPTY_BODY = YES;
				CLANG_WARN_ENUM_CONVERSION = YES;
				CLANG_WARN_INFINITE_RECURSION = YES;
				CLANG_WARN_INT_CONVERSION = YES;
				CLANG_WARN_OBJC_ROOT_CLASS = YES_ERROR;
				CLANG_WARN_SUSPICIOUS_MOVE = YES;
				CLANG_WARN_UNREACHABLE_CODE = YES;
				CLANG_WARN__DUPLICATE_METHOD_MATCH = YES;
				CODE_SIGN_IDENTITY = "-";
				COPY_PHASE_STRIP = NO;
				DEBUG_INFORMATION_FORMAT = dwarf;
				ENABLE_STRICT_OBJC_MSGSEND = YES;
				ENABLE_TESTABILITY = YES;
				GCC_C_LANGUAGE_STANDARD = gnu99;
				GCC_DYNAMIC_NO_PIC = NO;
				GCC_NO_COMMON_BLOCKS = YES;
				GCC_OPTIMIZATION_LEVEL = 0;
				GCC_PREPROCESSOR_DEFINITIONS = (
					"DEBUG=1",
					"$(inherited)",
					UNICODE,
				);
				GCC_WARN_64_TO_32_BIT_CONVERSION = YES;
				GCC_WARN_ABOUT_RETURN_TYPE = YES_ERROR;
				GCC_WARN_UNDECLARED_SELECTOR = YES;
				GCC_WARN_UNINITIALIZED_AUTOS = YES_AGGRESSIVE;
				GCC_WARN_UNUSED_FUNCTION = YES;
				GCC_WARN_UNUSED_VARIABLE = YES;
				MACOSX_DEPLOYMENT_TARGET = 10.11;
				MTL_ENABLE_DEBUG_INFO = YES;
				ONLY_ACTIVE_ARCH = YES;
				SDKROOT = macosx;
			};
			name = Debug;
		};
		1BD029051D6F4DB30038998C /* Release */ = {
			isa = XCBuildConfiguration;
			buildSettings = {
				ALWAYS_SEARCH_USER_PATHS = NO;
				CLANG_ANALYZER_NONNULL = YES;
				CLANG_CXX_LANGUAGE_STANDARD = "gnu++0x";
				CLANG_CXX_LIBRARY = "libc++";
				CLANG_ENABLE_MODULES = YES;
				CLANG_ENABLE_OBJC_ARC = YES;
				CLANG_WARN_BOOL_CONVERSION = YES;
				CLANG_WARN_CONSTANT_CONVERSION = YES;
				CLANG_WARN_DIRECT_OBJC_ISA_USAGE = YES_ERROR;
				CLANG_WARN_EMPTY_BODY = YES;
				CLANG_WARN_ENUM_CONVERSION = YES;
				CLANG_WARN_INFINITE_RECURSION = YES;
				CLANG_WARN_INT_CONVERSION = YES;
				CLANG_WARN_OBJC_ROOT_CLASS = YES_ERROR;
				CLANG_WARN_SUSPICIOUS_MOVE = YES;
				CLANG_WARN_UNREACHABLE_CODE = YES;
				CLANG_WARN__DUPLICATE_METHOD_MATCH = YES;
				CODE_SIGN_IDENTITY = "-";
				COPY_PHASE_STRIP = NO;
				DEBUG_INFORMATION_FORMAT = "dwarf-with-dsym";
				ENABLE_NS_ASSERTIONS = NO;
				ENABLE_STRICT_OBJC_MSGSEND = YES;
				GCC_C_LANGUAGE_STANDARD = gnu99;
				GCC_NO_COMMON_BLOCKS = YES;
				GCC_WARN_64_TO_32_BIT_CONVERSION = YES;
				GCC_WARN_ABOUT_RETURN_TYPE = YES_ERROR;
				GCC_WARN_UNDECLARED_SELECTOR = YES;
				GCC_WARN_UNINITIALIZED_AUTOS = YES_AGGRESSIVE;
				GCC_WARN_UNUSED_FUNCTION = YES;
				GCC_WARN_UNUSED_VARIABLE = YES;
				MACOSX_DEPLOYMENT_TARGET = 10.11;
				MTL_ENABLE_DEBUG_INFO = NO;
				SDKROOT = macosx;
			};
			name = Release;
		};
		1BD029071D6F4DB30038998C /* Debug */ = {
			isa = XCBuildConfiguration;
			buildSettings = {
				EXECUTABLE_PREFIX = lib;
				PRODUCT_NAME = "$(TARGET_NAME)";
			};
			name = Debug;
		};
		1BD029081D6F4DB30038998C /* Release */ = {
			isa = XCBuildConfiguration;
			buildSettings = {
				EXECUTABLE_PREFIX = lib;
				GCC_PREPROCESSOR_DEFINITIONS = UNICODE;
				PRODUCT_NAME = "$(TARGET_NAME)";
			};
			name = Release;
		};
/* End XCBuildConfiguration section */

/* Begin XCConfigurationList section */
		1BD028F81D6F4DB30038998C /* Build configuration list for PBXProject "200_CommonW" */ = {
			isa = XCConfigurationList;
			buildConfigurations = (
				1BD029041D6F4DB30038998C /* Debug */,
				1BD029051D6F4DB30038998C /* Release */,
			);
			defaultConfigurationIsVisible = 0;
			defaultConfigurationName = Release;
		};
		1BD029061D6F4DB30038998C /* Build configuration list for PBXNativeTarget "200_CommonW" */ = {
			isa = XCConfigurationList;
			buildConfigurations = (
				1BD029071D6F4DB30038998C /* Debug */,
				1BD029081D6F4DB30038998C /* Release */,
			);
			defaultConfigurationIsVisible = 0;
			defaultConfigurationName = Release;
		};
/* End XCConfigurationList section */
	};
	rootObject = 1BD028F51D6F4DB30038998C /* Project object */;
}
