
Microsoft Visual Studio Solution File, Format Version 12.00
# Visual Studio Version 17
VisualStudioVersion = 17.5.33516.290
MinimumVisualStudioVersion = 10.0.40219.1
Project("{8BC9CEB8-8B4A-11D0-8D11-00A0C91BC942}") = "000_StringA", "000_String\000_StringA.vcxproj", "{BE946C73-6F61-42EF-9541-0C85A20223CA}"
EndProject
Project("{8BC9CEB8-8B4A-11D0-8D11-00A0C91BC942}") = "000_StringW", "000_String\000_StringW.vcxproj", "{499998BB-EF1F-4919-8A9F-685B2538F9F1}"
EndProject
Project("{8BC9CEB8-8B4A-11D0-8D11-00A0C91BC942}") = "100_SystemA", "100_System\100_SystemA.vcxproj", "{8F091DE6-052A-4BB1-BC5E-B36D5313A870}"
EndProject
Project("{8BC9CEB8-8B4A-11D0-8D11-00A0C91BC942}") = "100_SystemW", "100_System\100_SystemW.vcxproj", "{5F79F851-FE1A-4BF5-8A5D-7838929F4838}"
EndProject
Project("{8BC9CEB8-8B4A-11D0-8D11-00A0C91BC942}") = "200_CommonW", "200_Common\200_CommonW.vcxproj", "{C576ED7F-7CBB-44EB-BD6A-2CD11B009DB8}"
EndProject
Project("{8BC9CEB8-8B4A-11D0-8D11-00A0C91BC942}") = "001_EncoderA", "001_Encoder\001_EncoderA.vcxproj", "{D7661B3A-D5D6-410E-AC94-70460FE10EF0}"
EndProject
Project("{8BC9CEB8-8B4A-11D0-8D11-00A0C91BC942}") = "001_EncoderW", "001_Encoder\001_EncoderW.vcxproj", "{DEBCAB2A-0359-49F0-A2FB-646AEC0CF40D}"
EndProject
Project("{8BC9CEB8-8B4A-11D0-8D11-00A0C91BC942}") = "200_CommonA", "200_Common\200_CommonA.vcxproj", "{B0ABBD9E-FA58-40DB-A75B-461F9F53F405}"
EndProject
Project("{8BC9CEB8-8B4A-11D0-8D11-00A0C91BC942}") = "300_FormatterA", "300_Formatter\300_FormatterA.vcxproj", "{A654D95E-82C8-4F87-8B08-67DCB61B9300}"
EndProject
Project("{8BC9CEB8-8B4A-11D0-8D11-00A0C91BC942}") = "300_FormatterW", "300_Formatter\300_FormatterW.vcxproj", "{939E852F-90DD-4E1A-AE69-EA7E6369A270}"
EndProject
Project("{8BC9CEB8-8B4A-11D0-8D11-00A0C91BC942}") = "400_ServerA", "400_Server\400_ServerA.vcxproj", "{51B5478C-1B02-41DF-9916-BAF407470132}"
EndProject
Project("{8BC9CEB8-8B4A-11D0-8D11-00A0C91BC942}") = "400_ServerW", "400_Server\400_ServerW.vcxproj", "{68C8C2E6-D1F1-41AA-862F-5997FD33A492}"
EndProject
Project("{8BC9CEB8-8B4A-11D0-8D11-00A0C91BC942}") = "999_Cppcore", "999_Cppcore\999_Cppcore.vcxproj", "{815A047C-A1A7-49A4-9992-40627EC6A776}"
	ProjectSection(ProjectDependencies) = postProject
		{499998BB-EF1F-4919-8A9F-685B2538F9F1} = {499998BB-EF1F-4919-8A9F-685B2538F9F1}
		{51B5478C-1B02-41DF-9916-BAF407470132} = {51B5478C-1B02-41DF-9916-BAF407470132}
		{5F79F851-FE1A-4BF5-8A5D-7838929F4838} = {5F79F851-FE1A-4BF5-8A5D-7838929F4838}
		{68C8C2E6-D1F1-41AA-862F-5997FD33A492} = {68C8C2E6-D1F1-41AA-862F-5997FD33A492}
		{8F091DE6-052A-4BB1-BC5E-B36D5313A870} = {8F091DE6-052A-4BB1-BC5E-B36D5313A870}
		{939E852F-90DD-4E1A-AE69-EA7E6369A270} = {939E852F-90DD-4E1A-AE69-EA7E6369A270}
		{A654D95E-82C8-4F87-8B08-67DCB61B9300} = {A654D95E-82C8-4F87-8B08-67DCB61B9300}
		{B0ABBD9E-FA58-40DB-A75B-461F9F53F405} = {B0ABBD9E-FA58-40DB-A75B-461F9F53F405}
		{BE946C73-6F61-42EF-9541-0C85A20223CA} = {BE946C73-6F61-42EF-9541-0C85A20223CA}
		{C576ED7F-7CBB-44EB-BD6A-2CD11B009DB8} = {C576ED7F-7CBB-44EB-BD6A-2CD11B009DB8}
		{D7661B3A-D5D6-410E-AC94-70460FE10EF0} = {D7661B3A-D5D6-410E-AC94-70460FE10EF0}
		{DEBCAB2A-0359-49F0-A2FB-646AEC0CF40D} = {DEBCAB2A-0359-49F0-A2FB-646AEC0CF40D}
	EndProjectSection
EndProject
Global
	GlobalSection(SolutionConfigurationPlatforms) = preSolution
		Debug|Win32 = Debug|Win32
		Debug|x64 = Debug|x64
		DebugMT|Win32 = DebugMT|Win32
		DebugMT|x64 = DebugMT|x64
		Release|Win32 = Release|Win32
		Release|x64 = Release|x64
		ReleaseMT|Win32 = ReleaseMT|Win32
		ReleaseMT|x64 = ReleaseMT|x64
	EndGlobalSection
	GlobalSection(ProjectConfigurationPlatforms) = postSolution
		{BE946C73-6F61-42EF-9541-0C85A20223CA}.Debug|Win32.ActiveCfg = Debug|Win32
		{BE946C73-6F61-42EF-9541-0C85A20223CA}.Debug|Win32.Build.0 = Debug|Win32
		{BE946C73-6F61-42EF-9541-0C85A20223CA}.Debug|x64.ActiveCfg = Debug|x64
		{BE946C73-6F61-42EF-9541-0C85A20223CA}.Debug|x64.Build.0 = Debug|x64
		{BE946C73-6F61-42EF-9541-0C85A20223CA}.DebugMT|Win32.ActiveCfg = DebugMT|Win32
		{BE946C73-6F61-42EF-9541-0C85A20223CA}.DebugMT|Win32.Build.0 = DebugMT|Win32
		{BE946C73-6F61-42EF-9541-0C85A20223CA}.DebugMT|x64.ActiveCfg = DebugMT|x64
		{BE946C73-6F61-42EF-9541-0C85A20223CA}.DebugMT|x64.Build.0 = DebugMT|x64
		{BE946C73-6F61-42EF-9541-0C85A20223CA}.Release|Win32.ActiveCfg = Release|Win32
		{BE946C73-6F61-42EF-9541-0C85A20223CA}.Release|Win32.Build.0 = Release|Win32
		{BE946C73-6F61-42EF-9541-0C85A20223CA}.Release|x64.ActiveCfg = Release|x64
		{BE946C73-6F61-42EF-9541-0C85A20223CA}.Release|x64.Build.0 = Release|x64
		{BE946C73-6F61-42EF-9541-0C85A20223CA}.ReleaseMT|Win32.ActiveCfg = ReleaseMT|Win32
		{BE946C73-6F61-42EF-9541-0C85A20223CA}.ReleaseMT|Win32.Build.0 = ReleaseMT|Win32
		{BE946C73-6F61-42EF-9541-0C85A20223CA}.ReleaseMT|x64.ActiveCfg = ReleaseMT|x64
		{BE946C73-6F61-42EF-9541-0C85A20223CA}.ReleaseMT|x64.Build.0 = ReleaseMT|x64
		{499998BB-EF1F-4919-8A9F-685B2538F9F1}.Debug|Win32.ActiveCfg = Debug|Win32
		{499998BB-EF1F-4919-8A9F-685B2538F9F1}.Debug|Win32.Build.0 = Debug|Win32
		{499998BB-EF1F-4919-8A9F-685B2538F9F1}.Debug|x64.ActiveCfg = Debug|x64
		{499998BB-EF1F-4919-8A9F-685B2538F9F1}.Debug|x64.Build.0 = Debug|x64
		{499998BB-EF1F-4919-8A9F-685B2538F9F1}.DebugMT|Win32.ActiveCfg = DebugMT|Win32
		{499998BB-EF1F-4919-8A9F-685B2538F9F1}.DebugMT|Win32.Build.0 = DebugMT|Win32
		{499998BB-EF1F-4919-8A9F-685B2538F9F1}.DebugMT|x64.ActiveCfg = DebugMT|x64
		{499998BB-EF1F-4919-8A9F-685B2538F9F1}.DebugMT|x64.Build.0 = DebugMT|x64
		{499998BB-EF1F-4919-8A9F-685B2538F9F1}.Release|Win32.ActiveCfg = Release|Win32
		{499998BB-EF1F-4919-8A9F-685B2538F9F1}.Release|Win32.Build.0 = Release|Win32
		{499998BB-EF1F-4919-8A9F-685B2538F9F1}.Release|x64.ActiveCfg = Release|x64
		{499998BB-EF1F-4919-8A9F-685B2538F9F1}.Release|x64.Build.0 = Release|x64
		{499998BB-EF1F-4919-8A9F-685B2538F9F1}.ReleaseMT|Win32.ActiveCfg = ReleaseMT|Win32
		{499998BB-EF1F-4919-8A9F-685B2538F9F1}.ReleaseMT|Win32.Build.0 = ReleaseMT|Win32
		{499998BB-EF1F-4919-8A9F-685B2538F9F1}.ReleaseMT|x64.ActiveCfg = ReleaseMT|x64
		{499998BB-EF1F-4919-8A9F-685B2538F9F1}.ReleaseMT|x64.Build.0 = ReleaseMT|x64
		{8F091DE6-052A-4BB1-BC5E-B36D5313A870}.Debug|Win32.ActiveCfg = Debug|Win32
		{8F091DE6-052A-4BB1-BC5E-B36D5313A870}.Debug|Win32.Build.0 = Debug|Win32
		{8F091DE6-052A-4BB1-BC5E-B36D5313A870}.Debug|x64.ActiveCfg = Debug|x64
		{8F091DE6-052A-4BB1-BC5E-B36D5313A870}.Debug|x64.Build.0 = Debug|x64
		{8F091DE6-052A-4BB1-BC5E-B36D5313A870}.DebugMT|Win32.ActiveCfg = DebugMT|Win32
		{8F091DE6-052A-4BB1-BC5E-B36D5313A870}.DebugMT|Win32.Build.0 = DebugMT|Win32
		{8F091DE6-052A-4BB1-BC5E-B36D5313A870}.DebugMT|x64.ActiveCfg = DebugMT|x64
		{8F091DE6-052A-4BB1-BC5E-B36D5313A870}.DebugMT|x64.Build.0 = DebugMT|x64
		{8F091DE6-052A-4BB1-BC5E-B36D5313A870}.Release|Win32.ActiveCfg = Release|Win32
		{8F091DE6-052A-4BB1-BC5E-B36D5313A870}.Release|Win32.Build.0 = Release|Win32
		{8F091DE6-052A-4BB1-BC5E-B36D5313A870}.Release|x64.ActiveCfg = Release|x64
		{8F091DE6-052A-4BB1-BC5E-B36D5313A870}.Release|x64.Build.0 = Release|x64
		{8F091DE6-052A-4BB1-BC5E-B36D5313A870}.ReleaseMT|Win32.ActiveCfg = ReleaseMT|Win32
		{8F091DE6-052A-4BB1-BC5E-B36D5313A870}.ReleaseMT|Win32.Build.0 = ReleaseMT|Win32
		{8F091DE6-052A-4BB1-BC5E-B36D5313A870}.ReleaseMT|x64.ActiveCfg = ReleaseMT|x64
		{8F091DE6-052A-4BB1-BC5E-B36D5313A870}.ReleaseMT|x64.Build.0 = ReleaseMT|x64
		{5F79F851-FE1A-4BF5-8A5D-7838929F4838}.Debug|Win32.ActiveCfg = Debug|Win32
		{5F79F851-FE1A-4BF5-8A5D-7838929F4838}.Debug|Win32.Build.0 = Debug|Win32
		{5F79F851-FE1A-4BF5-8A5D-7838929F4838}.Debug|x64.ActiveCfg = Debug|x64
		{5F79F851-FE1A-4BF5-8A5D-7838929F4838}.Debug|x64.Build.0 = Debug|x64
		{5F79F851-FE1A-4BF5-8A5D-7838929F4838}.DebugMT|Win32.ActiveCfg = DebugMT|Win32
		{5F79F851-FE1A-4BF5-8A5D-7838929F4838}.DebugMT|Win32.Build.0 = DebugMT|Win32
		{5F79F851-FE1A-4BF5-8A5D-7838929F4838}.DebugMT|x64.ActiveCfg = DebugMT|x64
		{5F79F851-FE1A-4BF5-8A5D-7838929F4838}.DebugMT|x64.Build.0 = DebugMT|x64
		{5F79F851-FE1A-4BF5-8A5D-7838929F4838}.Release|Win32.ActiveCfg = Release|Win32
		{5F79F851-FE1A-4BF5-8A5D-7838929F4838}.Release|Win32.Build.0 = Release|Win32
		{5F79F851-FE1A-4BF5-8A5D-7838929F4838}.Release|x64.ActiveCfg = Release|x64
		{5F79F851-FE1A-4BF5-8A5D-7838929F4838}.Release|x64.Build.0 = Release|x64
		{5F79F851-FE1A-4BF5-8A5D-7838929F4838}.ReleaseMT|Win32.ActiveCfg = ReleaseMT|Win32
		{5F79F851-FE1A-4BF5-8A5D-7838929F4838}.ReleaseMT|Win32.Build.0 = ReleaseMT|Win32
		{5F79F851-FE1A-4BF5-8A5D-7838929F4838}.ReleaseMT|x64.ActiveCfg = ReleaseMT|x64
		{5F79F851-FE1A-4BF5-8A5D-7838929F4838}.ReleaseMT|x64.Build.0 = ReleaseMT|x64
		{C576ED7F-7CBB-44EB-BD6A-2CD11B009DB8}.Debug|Win32.ActiveCfg = Debug|Win32
		{C576ED7F-7CBB-44EB-BD6A-2CD11B009DB8}.Debug|Win32.Build.0 = Debug|Win32
		{C576ED7F-7CBB-44EB-BD6A-2CD11B009DB8}.Debug|x64.ActiveCfg = Debug|x64
		{C576ED7F-7CBB-44EB-BD6A-2CD11B009DB8}.Debug|x64.Build.0 = Debug|x64
		{C576ED7F-7CBB-44EB-BD6A-2CD11B009DB8}.DebugMT|Win32.ActiveCfg = DebugMT|Win32
		{C576ED7F-7CBB-44EB-BD6A-2CD11B009DB8}.DebugMT|Win32.Build.0 = DebugMT|Win32
		{C576ED7F-7CBB-44EB-BD6A-2CD11B009DB8}.DebugMT|x64.ActiveCfg = DebugMT|x64
		{C576ED7F-7CBB-44EB-BD6A-2CD11B009DB8}.DebugMT|x64.Build.0 = DebugMT|x64
		{C576ED7F-7CBB-44EB-BD6A-2CD11B009DB8}.Release|Win32.ActiveCfg = Release|Win32
		{C576ED7F-7CBB-44EB-BD6A-2CD11B009DB8}.Release|Win32.Build.0 = Release|Win32
		{C576ED7F-7CBB-44EB-BD6A-2CD11B009DB8}.Release|x64.ActiveCfg = Release|x64
		{C576ED7F-7CBB-44EB-BD6A-2CD11B009DB8}.Release|x64.Build.0 = Release|x64
		{C576ED7F-7CBB-44EB-BD6A-2CD11B009DB8}.ReleaseMT|Win32.ActiveCfg = ReleaseMT|Win32
		{C576ED7F-7CBB-44EB-BD6A-2CD11B009DB8}.ReleaseMT|Win32.Build.0 = ReleaseMT|Win32
		{C576ED7F-7CBB-44EB-BD6A-2CD11B009DB8}.ReleaseMT|x64.ActiveCfg = ReleaseMT|x64
		{C576ED7F-7CBB-44EB-BD6A-2CD11B009DB8}.ReleaseMT|x64.Build.0 = ReleaseMT|x64
		{D7661B3A-D5D6-410E-AC94-70460FE10EF0}.Debug|Win32.ActiveCfg = Debug|Win32
		{D7661B3A-D5D6-410E-AC94-70460FE10EF0}.Debug|Win32.Build.0 = Debug|Win32
		{D7661B3A-D5D6-410E-AC94-70460FE10EF0}.Debug|x64.ActiveCfg = Debug|x64
		{D7661B3A-D5D6-410E-AC94-70460FE10EF0}.Debug|x64.Build.0 = Debug|x64
		{D7661B3A-D5D6-410E-AC94-70460FE10EF0}.DebugMT|Win32.ActiveCfg = DebugMT|Win32
		{D7661B3A-D5D6-410E-AC94-70460FE10EF0}.DebugMT|Win32.Build.0 = DebugMT|Win32
		{D7661B3A-D5D6-410E-AC94-70460FE10EF0}.DebugMT|x64.ActiveCfg = DebugMT|x64
		{D7661B3A-D5D6-410E-AC94-70460FE10EF0}.DebugMT|x64.Build.0 = DebugMT|x64
		{D7661B3A-D5D6-410E-AC94-70460FE10EF0}.Release|Win32.ActiveCfg = Release|Win32
		{D7661B3A-D5D6-410E-AC94-70460FE10EF0}.Release|Win32.Build.0 = Release|Win32
		{D7661B3A-D5D6-410E-AC94-70460FE10EF0}.Release|x64.ActiveCfg = Release|x64
		{D7661B3A-D5D6-410E-AC94-70460FE10EF0}.Release|x64.Build.0 = Release|x64
		{D7661B3A-D5D6-410E-AC94-70460FE10EF0}.ReleaseMT|Win32.ActiveCfg = ReleaseMT|Win32
		{D7661B3A-D5D6-410E-AC94-70460FE10EF0}.ReleaseMT|Win32.Build.0 = ReleaseMT|Win32
		{D7661B3A-D5D6-410E-AC94-70460FE10EF0}.ReleaseMT|x64.ActiveCfg = ReleaseMT|x64
		{D7661B3A-D5D6-410E-AC94-70460FE10EF0}.ReleaseMT|x64.Build.0 = ReleaseMT|x64
		{DEBCAB2A-0359-49F0-A2FB-646AEC0CF40D}.Debug|Win32.ActiveCfg = Debug|Win32
		{DEBCAB2A-0359-49F0-A2FB-646AEC0CF40D}.Debug|Win32.Build.0 = Debug|Win32
		{DEBCAB2A-0359-49F0-A2FB-646AEC0CF40D}.Debug|x64.ActiveCfg = Debug|x64
		{DEBCAB2A-0359-49F0-A2FB-646AEC0CF40D}.Debug|x64.Build.0 = Debug|x64
		{DEBCAB2A-0359-49F0-A2FB-646AEC0CF40D}.DebugMT|Win32.ActiveCfg = DebugMT|Win32
		{DEBCAB2A-0359-49F0-A2FB-646AEC0CF40D}.DebugMT|Win32.Build.0 = DebugMT|Win32
		{DEBCAB2A-0359-49F0-A2FB-646AEC0CF40D}.DebugMT|x64.ActiveCfg = DebugMT|x64
		{DEBCAB2A-0359-49F0-A2FB-646AEC0CF40D}.DebugMT|x64.Build.0 = DebugMT|x64
		{DEBCAB2A-0359-49F0-A2FB-646AEC0CF40D}.Release|Win32.ActiveCfg = Release|Win32
		{DEBCAB2A-0359-49F0-A2FB-646AEC0CF40D}.Release|Win32.Build.0 = Release|Win32
		{DEBCAB2A-0359-49F0-A2FB-646AEC0CF40D}.Release|x64.ActiveCfg = Release|x64
		{DEBCAB2A-0359-49F0-A2FB-646AEC0CF40D}.Release|x64.Build.0 = Release|x64
		{DEBCAB2A-0359-49F0-A2FB-646AEC0CF40D}.ReleaseMT|Win32.ActiveCfg = ReleaseMT|Win32
		{DEBCAB2A-0359-49F0-A2FB-646AEC0CF40D}.ReleaseMT|Win32.Build.0 = ReleaseMT|Win32
		{DEBCAB2A-0359-49F0-A2FB-646AEC0CF40D}.ReleaseMT|x64.ActiveCfg = ReleaseMT|x64
		{DEBCAB2A-0359-49F0-A2FB-646AEC0CF40D}.ReleaseMT|x64.Build.0 = ReleaseMT|x64
		{B0ABBD9E-FA58-40DB-A75B-461F9F53F405}.Debug|Win32.ActiveCfg = Debug|Win32
		{B0ABBD9E-FA58-40DB-A75B-461F9F53F405}.Debug|Win32.Build.0 = Debug|Win32
		{B0ABBD9E-FA58-40DB-A75B-461F9F53F405}.Debug|x64.ActiveCfg = Debug|x64
		{B0ABBD9E-FA58-40DB-A75B-461F9F53F405}.Debug|x64.Build.0 = Debug|x64
		{B0ABBD9E-FA58-40DB-A75B-461F9F53F405}.DebugMT|Win32.ActiveCfg = DebugMT|Win32
		{B0ABBD9E-FA58-40DB-A75B-461F9F53F405}.DebugMT|Win32.Build.0 = DebugMT|Win32
		{B0ABBD9E-FA58-40DB-A75B-461F9F53F405}.DebugMT|x64.ActiveCfg = DebugMT|x64
		{B0ABBD9E-FA58-40DB-A75B-461F9F53F405}.DebugMT|x64.Build.0 = DebugMT|x64
		{B0ABBD9E-FA58-40DB-A75B-461F9F53F405}.Release|Win32.ActiveCfg = Release|Win32
		{B0ABBD9E-FA58-40DB-A75B-461F9F53F405}.Release|Win32.Build.0 = Release|Win32
		{B0ABBD9E-FA58-40DB-A75B-461F9F53F405}.Release|x64.ActiveCfg = Release|x64
		{B0ABBD9E-FA58-40DB-A75B-461F9F53F405}.Release|x64.Build.0 = Release|x64
		{B0ABBD9E-FA58-40DB-A75B-461F9F53F405}.ReleaseMT|Win32.ActiveCfg = ReleaseMT|Win32
		{B0ABBD9E-FA58-40DB-A75B-461F9F53F405}.ReleaseMT|Win32.Build.0 = ReleaseMT|Win32
		{B0ABBD9E-FA58-40DB-A75B-461F9F53F405}.ReleaseMT|x64.ActiveCfg = ReleaseMT|x64
		{B0ABBD9E-FA58-40DB-A75B-461F9F53F405}.ReleaseMT|x64.Build.0 = ReleaseMT|x64
		{A654D95E-82C8-4F87-8B08-67DCB61B9300}.Debug|Win32.ActiveCfg = Debug|Win32
		{A654D95E-82C8-4F87-8B08-67DCB61B9300}.Debug|Win32.Build.0 = Debug|Win32
		{A654D95E-82C8-4F87-8B08-67DCB61B9300}.Debug|x64.ActiveCfg = Debug|x64
		{A654D95E-82C8-4F87-8B08-67DCB61B9300}.Debug|x64.Build.0 = Debug|x64
		{A654D95E-82C8-4F87-8B08-67DCB61B9300}.DebugMT|Win32.ActiveCfg = DebugMT|Win32
		{A654D95E-82C8-4F87-8B08-67DCB61B9300}.DebugMT|Win32.Build.0 = DebugMT|Win32
		{A654D95E-82C8-4F87-8B08-67DCB61B9300}.DebugMT|x64.ActiveCfg = DebugMT|x64
		{A654D95E-82C8-4F87-8B08-67DCB61B9300}.DebugMT|x64.Build.0 = DebugMT|x64
		{A654D95E-82C8-4F87-8B08-67DCB61B9300}.Release|Win32.ActiveCfg = Release|Win32
		{A654D95E-82C8-4F87-8B08-67DCB61B9300}.Release|Win32.Build.0 = Release|Win32
		{A654D95E-82C8-4F87-8B08-67DCB61B9300}.Release|x64.ActiveCfg = Release|x64
		{A654D95E-82C8-4F87-8B08-67DCB61B9300}.Release|x64.Build.0 = Release|x64
		{A654D95E-82C8-4F87-8B08-67DCB61B9300}.ReleaseMT|Win32.ActiveCfg = ReleaseMT|Win32
		{A654D95E-82C8-4F87-8B08-67DCB61B9300}.ReleaseMT|Win32.Build.0 = ReleaseMT|Win32
		{A654D95E-82C8-4F87-8B08-67DCB61B9300}.ReleaseMT|x64.ActiveCfg = ReleaseMT|x64
		{A654D95E-82C8-4F87-8B08-67DCB61B9300}.ReleaseMT|x64.Build.0 = ReleaseMT|x64
		{939E852F-90DD-4E1A-AE69-EA7E6369A270}.Debug|Win32.ActiveCfg = Debug|Win32
		{939E852F-90DD-4E1A-AE69-EA7E6369A270}.Debug|Win32.Build.0 = Debug|Win32
		{939E852F-90DD-4E1A-AE69-EA7E6369A270}.Debug|x64.ActiveCfg = Debug|x64
		{939E852F-90DD-4E1A-AE69-EA7E6369A270}.Debug|x64.Build.0 = Debug|x64
		{939E852F-90DD-4E1A-AE69-EA7E6369A270}.DebugMT|Win32.ActiveCfg = DebugMT|Win32
		{939E852F-90DD-4E1A-AE69-EA7E6369A270}.DebugMT|Win32.Build.0 = DebugMT|Win32
		{939E852F-90DD-4E1A-AE69-EA7E6369A270}.DebugMT|x64.ActiveCfg = DebugMT|x64
		{939E852F-90DD-4E1A-AE69-EA7E6369A270}.DebugMT|x64.Build.0 = DebugMT|x64
		{939E852F-90DD-4E1A-AE69-EA7E6369A270}.Release|Win32.ActiveCfg = Release|Win32
		{939E852F-90DD-4E1A-AE69-EA7E6369A270}.Release|Win32.Build.0 = Release|Win32
		{939E852F-90DD-4E1A-AE69-EA7E6369A270}.Release|x64.ActiveCfg = Release|x64
		{939E852F-90DD-4E1A-AE69-EA7E6369A270}.Release|x64.Build.0 = Release|x64
		{939E852F-90DD-4E1A-AE69-EA7E6369A270}.ReleaseMT|Win32.ActiveCfg = ReleaseMT|Win32
		{939E852F-90DD-4E1A-AE69-EA7E6369A270}.ReleaseMT|Win32.Build.0 = ReleaseMT|Win32
		{939E852F-90DD-4E1A-AE69-EA7E6369A270}.ReleaseMT|x64.ActiveCfg = ReleaseMT|x64
		{939E852F-90DD-4E1A-AE69-EA7E6369A270}.ReleaseMT|x64.Build.0 = ReleaseMT|x64
		{51B5478C-1B02-41DF-9916-BAF407470132}.Debug|Win32.ActiveCfg = Debug|Win32
		{51B5478C-1B02-41DF-9916-BAF407470132}.Debug|Win32.Build.0 = Debug|Win32
		{51B5478C-1B02-41DF-9916-BAF407470132}.Debug|x64.ActiveCfg = Debug|x64
		{51B5478C-1B02-41DF-9916-BAF407470132}.Debug|x64.Build.0 = Debug|x64
		{51B5478C-1B02-41DF-9916-BAF407470132}.DebugMT|Win32.ActiveCfg = DebugMT|Win32
		{51B5478C-1B02-41DF-9916-BAF407470132}.DebugMT|Win32.Build.0 = DebugMT|Win32
		{51B5478C-1B02-41DF-9916-BAF407470132}.DebugMT|x64.ActiveCfg = DebugMT|x64
		{51B5478C-1B02-41DF-9916-BAF407470132}.DebugMT|x64.Build.0 = DebugMT|x64
		{51B5478C-1B02-41DF-9916-BAF407470132}.Release|Win32.ActiveCfg = Release|Win32
		{51B5478C-1B02-41DF-9916-BAF407470132}.Release|Win32.Build.0 = Release|Win32
		{51B5478C-1B02-41DF-9916-BAF407470132}.Release|x64.ActiveCfg = Release|x64
		{51B5478C-1B02-41DF-9916-BAF407470132}.Release|x64.Build.0 = Release|x64
		{51B5478C-1B02-41DF-9916-BAF407470132}.ReleaseMT|Win32.ActiveCfg = ReleaseMT|Win32
		{51B5478C-1B02-41DF-9916-BAF407470132}.ReleaseMT|Win32.Build.0 = ReleaseMT|Win32
		{51B5478C-1B02-41DF-9916-BAF407470132}.ReleaseMT|x64.ActiveCfg = ReleaseMT|x64
		{51B5478C-1B02-41DF-9916-BAF407470132}.ReleaseMT|x64.Build.0 = ReleaseMT|x64
		{68C8C2E6-D1F1-41AA-862F-5997FD33A492}.Debug|Win32.ActiveCfg = Debug|Win32
		{68C8C2E6-D1F1-41AA-862F-5997FD33A492}.Debug|Win32.Build.0 = Debug|Win32
		{68C8C2E6-D1F1-41AA-862F-5997FD33A492}.Debug|x64.ActiveCfg = Debug|x64
		{68C8C2E6-D1F1-41AA-862F-5997FD33A492}.Debug|x64.Build.0 = Debug|x64
		{68C8C2E6-D1F1-41AA-862F-5997FD33A492}.DebugMT|Win32.ActiveCfg = DebugMT|Win32
		{68C8C2E6-D1F1-41AA-862F-5997FD33A492}.DebugMT|Win32.Build.0 = DebugMT|Win32
		{68C8C2E6-D1F1-41AA-862F-5997FD33A492}.DebugMT|x64.ActiveCfg = DebugMT|x64
		{68C8C2E6-D1F1-41AA-862F-5997FD33A492}.DebugMT|x64.Build.0 = DebugMT|x64
		{68C8C2E6-D1F1-41AA-862F-5997FD33A492}.Release|Win32.ActiveCfg = Release|Win32
		{68C8C2E6-D1F1-41AA-862F-5997FD33A492}.Release|Win32.Build.0 = Release|Win32
		{68C8C2E6-D1F1-41AA-862F-5997FD33A492}.Release|x64.ActiveCfg = Release|x64
		{68C8C2E6-D1F1-41AA-862F-5997FD33A492}.Release|x64.Build.0 = Release|x64
		{68C8C2E6-D1F1-41AA-862F-5997FD33A492}.ReleaseMT|Win32.ActiveCfg = ReleaseMT|Win32
		{68C8C2E6-D1F1-41AA-862F-5997FD33A492}.ReleaseMT|Win32.Build.0 = ReleaseMT|Win32
		{68C8C2E6-D1F1-41AA-862F-5997FD33A492}.ReleaseMT|x64.ActiveCfg = ReleaseMT|x64
		{68C8C2E6-D1F1-41AA-862F-5997FD33A492}.ReleaseMT|x64.Build.0 = ReleaseMT|x64
		{815A047C-A1A7-49A4-9992-40627EC6A776}.Debug|Win32.ActiveCfg = Debug|Win32
		{815A047C-A1A7-49A4-9992-40627EC6A776}.Debug|Win32.Build.0 = Debug|Win32
		{815A047C-A1A7-49A4-9992-40627EC6A776}.Debug|x64.ActiveCfg = Debug|x64
		{815A047C-A1A7-49A4-9992-40627EC6A776}.Debug|x64.Build.0 = Debug|x64
		{815A047C-A1A7-49A4-9992-40627EC6A776}.DebugMT|Win32.ActiveCfg = DebugMT|Win32
		{815A047C-A1A7-49A4-9992-40627EC6A776}.DebugMT|Win32.Build.0 = DebugMT|Win32
		{815A047C-A1A7-49A4-9992-40627EC6A776}.DebugMT|x64.ActiveCfg = DebugMT|x64
		{815A047C-A1A7-49A4-9992-40627EC6A776}.DebugMT|x64.Build.0 = DebugMT|x64
		{815A047C-A1A7-49A4-9992-40627EC6A776}.Release|Win32.ActiveCfg = Release|Win32
		{815A047C-A1A7-49A4-9992-40627EC6A776}.Release|Win32.Build.0 = Release|Win32
		{815A047C-A1A7-49A4-9992-40627EC6A776}.Release|x64.ActiveCfg = Release|x64
		{815A047C-A1A7-49A4-9992-40627EC6A776}.Release|x64.Build.0 = Release|x64
		{815A047C-A1A7-49A4-9992-40627EC6A776}.ReleaseMT|Win32.ActiveCfg = ReleaseMT|Win32
		{815A047C-A1A7-49A4-9992-40627EC6A776}.ReleaseMT|Win32.Build.0 = ReleaseMT|Win32
		{815A047C-A1A7-49A4-9992-40627EC6A776}.ReleaseMT|x64.ActiveCfg = ReleaseMT|x64
		{815A047C-A1A7-49A4-9992-40627EC6A776}.ReleaseMT|x64.Build.0 = ReleaseMT|x64
	EndGlobalSection
	GlobalSection(SolutionProperties) = preSolution
		HideSolutionNode = FALSE
	EndGlobalSection
	GlobalSection(ExtensibilityGlobals) = postSolution
		SolutionGuid = {BBB75561-0472-41CF-8C3B-8E7E65748EF9}
	EndGlobalSection
EndGlobal
