
Microsoft Visual Studio Solution File, Format Version 12.00
# Visual Studio 2012
Project("{2857B73E-F847-4B02-9238-064979017E93}") = "000_StringA", "000_String\000_StringA.cproj", "{03FE7C80-5FCA-49B3-9780-8717734C06D7}"
EndProject
Project("{2857B73E-F847-4B02-9238-064979017E93}") = "000_StringW", "000_String\000_StringW.cproj", "{848D6CDE-472B-4468-BE6C-708BF3E56103}"
EndProject
Project("{2857B73E-F847-4B02-9238-064979017E93}") = "100_SystemA", "100_System\100_SystemA.cproj", "{F0A1FAAF-6D40-4160-8A65-974F9CE9E030}"
EndProject
Project("{2857B73E-F847-4B02-9238-064979017E93}") = "100_SystemW", "100_System\100_SystemW.cproj", "{C1F18014-46D2-4744-867C-822418061E52}"
EndProject
Project("{2857B73E-F847-4B02-9238-064979017E93}") = "200_CommonA", "200_Common\200_CommonA.cproj", "{A4FED73F-7E0A-441D-98A7-DC6243B97278}"
EndProject
Project("{2857B73E-F847-4B02-9238-064979017E93}") = "200_CommonW", "200_Common\200_CommonW.cproj", "{DAAC7BD4-9391-4D77-B87F-0BBE33A5317D}"
EndProject
Project("{2857B73E-F847-4B02-9238-064979017E93}") = "001_EncoderA", "001_Encoder\001_EncoderA.cproj", "{83F45D9B-5706-4AD5-8BE8-D7088270BE07}"
EndProject
Project("{2857B73E-F847-4B02-9238-064979017E93}") = "001_EncoderW", "001_Encoder\001_EncoderW.cproj", "{24DD12B5-33DB-4305-AFBE-1FB2A3BF9021}"
EndProject
Global
	GlobalSection(SolutionConfigurationPlatforms) = preSolution
		Debug|Any CPU = Debug|Any CPU
		Release|Any CPU = Release|Any CPU
		DebugFPic|Any CPU = DebugFPic|Any CPU
		ReleaseFPic|Any CPU = ReleaseFPic|Any CPU
	EndGlobalSection
	GlobalSection(ProjectConfigurationPlatforms) = postSolution
		{03FE7C80-5FCA-49B3-9780-8717734C06D7}.Debug|Any CPU.ActiveCfg = Debug|Any CPU
		{03FE7C80-5FCA-49B3-9780-8717734C06D7}.Debug|Any CPU.Build.0 = Debug|Any CPU
		{03FE7C80-5FCA-49B3-9780-8717734C06D7}.DebugFPic|Any CPU.ActiveCfg = DebugFPic|Any CPU
		{03FE7C80-5FCA-49B3-9780-8717734C06D7}.DebugFPic|Any CPU.Build.0 = DebugFPic|Any CPU
		{03FE7C80-5FCA-49B3-9780-8717734C06D7}.Release|Any CPU.ActiveCfg = Release|Any CPU
		{03FE7C80-5FCA-49B3-9780-8717734C06D7}.Release|Any CPU.Build.0 = Release|Any CPU
		{03FE7C80-5FCA-49B3-9780-8717734C06D7}.ReleaseFPic|Any CPU.ActiveCfg = ReleaseFPic|Any CPU
		{03FE7C80-5FCA-49B3-9780-8717734C06D7}.ReleaseFPic|Any CPU.Build.0 = ReleaseFPic|Any CPU
		{24DD12B5-33DB-4305-AFBE-1FB2A3BF9021}.Debug|Any CPU.ActiveCfg = Debug|Any CPU
		{24DD12B5-33DB-4305-AFBE-1FB2A3BF9021}.Debug|Any CPU.Build.0 = Debug|Any CPU
		{24DD12B5-33DB-4305-AFBE-1FB2A3BF9021}.DebugFPic|Any CPU.ActiveCfg = DebugFPic|Any CPU
		{24DD12B5-33DB-4305-AFBE-1FB2A3BF9021}.DebugFPic|Any CPU.Build.0 = DebugFPic|Any CPU
		{24DD12B5-33DB-4305-AFBE-1FB2A3BF9021}.Release|Any CPU.ActiveCfg = Release|Any CPU
		{24DD12B5-33DB-4305-AFBE-1FB2A3BF9021}.Release|Any CPU.Build.0 = Release|Any CPU
		{24DD12B5-33DB-4305-AFBE-1FB2A3BF9021}.ReleaseFPic|Any CPU.ActiveCfg = ReleaseFPic|Any CPU
		{24DD12B5-33DB-4305-AFBE-1FB2A3BF9021}.ReleaseFPic|Any CPU.Build.0 = ReleaseFPic|Any CPU
		{83F45D9B-5706-4AD5-8BE8-D7088270BE07}.Debug|Any CPU.ActiveCfg = Debug|Any CPU
		{83F45D9B-5706-4AD5-8BE8-D7088270BE07}.Debug|Any CPU.Build.0 = Debug|Any CPU
		{83F45D9B-5706-4AD5-8BE8-D7088270BE07}.DebugFPic|Any CPU.ActiveCfg = DebugFPic|Any CPU
		{83F45D9B-5706-4AD5-8BE8-D7088270BE07}.DebugFPic|Any CPU.Build.0 = DebugFPic|Any CPU
		{83F45D9B-5706-4AD5-8BE8-D7088270BE07}.Release|Any CPU.ActiveCfg = Release|Any CPU
		{83F45D9B-5706-4AD5-8BE8-D7088270BE07}.Release|Any CPU.Build.0 = Release|Any CPU
		{83F45D9B-5706-4AD5-8BE8-D7088270BE07}.ReleaseFPic|Any CPU.ActiveCfg = ReleaseFPic|Any CPU
		{83F45D9B-5706-4AD5-8BE8-D7088270BE07}.ReleaseFPic|Any CPU.Build.0 = ReleaseFPic|Any CPU
		{848D6CDE-472B-4468-BE6C-708BF3E56103}.Debug|Any CPU.ActiveCfg = Debug|Any CPU
		{848D6CDE-472B-4468-BE6C-708BF3E56103}.Debug|Any CPU.Build.0 = Debug|Any CPU
		{848D6CDE-472B-4468-BE6C-708BF3E56103}.DebugFPic|Any CPU.ActiveCfg = DebugFPic|Any CPU
		{848D6CDE-472B-4468-BE6C-708BF3E56103}.DebugFPic|Any CPU.Build.0 = DebugFPic|Any CPU
		{848D6CDE-472B-4468-BE6C-708BF3E56103}.Release|Any CPU.ActiveCfg = Release|Any CPU
		{848D6CDE-472B-4468-BE6C-708BF3E56103}.Release|Any CPU.Build.0 = Release|Any CPU
		{848D6CDE-472B-4468-BE6C-708BF3E56103}.ReleaseFPic|Any CPU.ActiveCfg = ReleaseFPic|Any CPU
		{848D6CDE-472B-4468-BE6C-708BF3E56103}.ReleaseFPic|Any CPU.Build.0 = ReleaseFPic|Any CPU
		{A4FED73F-7E0A-441D-98A7-DC6243B97278}.Debug|Any CPU.ActiveCfg = Debug|Any CPU
		{A4FED73F-7E0A-441D-98A7-DC6243B97278}.Debug|Any CPU.Build.0 = Debug|Any CPU
		{A4FED73F-7E0A-441D-98A7-DC6243B97278}.DebugFPic|Any CPU.ActiveCfg = DebugFPic|Any CPU
		{A4FED73F-7E0A-441D-98A7-DC6243B97278}.DebugFPic|Any CPU.Build.0 = DebugFPic|Any CPU
		{A4FED73F-7E0A-441D-98A7-DC6243B97278}.Release|Any CPU.ActiveCfg = Release|Any CPU
		{A4FED73F-7E0A-441D-98A7-DC6243B97278}.Release|Any CPU.Build.0 = Release|Any CPU
		{A4FED73F-7E0A-441D-98A7-DC6243B97278}.ReleaseFPic|Any CPU.ActiveCfg = ReleaseFPic|Any CPU
		{A4FED73F-7E0A-441D-98A7-DC6243B97278}.ReleaseFPic|Any CPU.Build.0 = ReleaseFPic|Any CPU
		{C1F18014-46D2-4744-867C-822418061E52}.Debug|Any CPU.ActiveCfg = Debug|Any CPU
		{C1F18014-46D2-4744-867C-822418061E52}.Debug|Any CPU.Build.0 = Debug|Any CPU
		{C1F18014-46D2-4744-867C-822418061E52}.DebugFPic|Any CPU.ActiveCfg = DebugFPic|Any CPU
		{C1F18014-46D2-4744-867C-822418061E52}.DebugFPic|Any CPU.Build.0 = DebugFPic|Any CPU
		{C1F18014-46D2-4744-867C-822418061E52}.Release|Any CPU.ActiveCfg = Release|Any CPU
		{C1F18014-46D2-4744-867C-822418061E52}.Release|Any CPU.Build.0 = Release|Any CPU
		{C1F18014-46D2-4744-867C-822418061E52}.ReleaseFPic|Any CPU.ActiveCfg = ReleaseFPic|Any CPU
		{C1F18014-46D2-4744-867C-822418061E52}.ReleaseFPic|Any CPU.Build.0 = ReleaseFPic|Any CPU
		{DAAC7BD4-9391-4D77-B87F-0BBE33A5317D}.Debug|Any CPU.ActiveCfg = Debug|Any CPU
		{DAAC7BD4-9391-4D77-B87F-0BBE33A5317D}.Debug|Any CPU.Build.0 = Debug|Any CPU
		{DAAC7BD4-9391-4D77-B87F-0BBE33A5317D}.DebugFPic|Any CPU.ActiveCfg = DebugFPic|Any CPU
		{DAAC7BD4-9391-4D77-B87F-0BBE33A5317D}.DebugFPic|Any CPU.Build.0 = DebugFPic|Any CPU
		{DAAC7BD4-9391-4D77-B87F-0BBE33A5317D}.Release|Any CPU.ActiveCfg = Release|Any CPU
		{DAAC7BD4-9391-4D77-B87F-0BBE33A5317D}.Release|Any CPU.Build.0 = Release|Any CPU
		{DAAC7BD4-9391-4D77-B87F-0BBE33A5317D}.ReleaseFPic|Any CPU.ActiveCfg = ReleaseFPic|Any CPU
		{DAAC7BD4-9391-4D77-B87F-0BBE33A5317D}.ReleaseFPic|Any CPU.Build.0 = ReleaseFPic|Any CPU
		{F0A1FAAF-6D40-4160-8A65-974F9CE9E030}.Debug|Any CPU.ActiveCfg = Debug|Any CPU
		{F0A1FAAF-6D40-4160-8A65-974F9CE9E030}.Debug|Any CPU.Build.0 = Debug|Any CPU
		{F0A1FAAF-6D40-4160-8A65-974F9CE9E030}.DebugFPic|Any CPU.ActiveCfg = DebugFPic|Any CPU
		{F0A1FAAF-6D40-4160-8A65-974F9CE9E030}.DebugFPic|Any CPU.Build.0 = DebugFPic|Any CPU
		{F0A1FAAF-6D40-4160-8A65-974F9CE9E030}.Release|Any CPU.ActiveCfg = Release|Any CPU
		{F0A1FAAF-6D40-4160-8A65-974F9CE9E030}.Release|Any CPU.Build.0 = Release|Any CPU
		{F0A1FAAF-6D40-4160-8A65-974F9CE9E030}.ReleaseFPic|Any CPU.ActiveCfg = ReleaseFPic|Any CPU
		{F0A1FAAF-6D40-4160-8A65-974F9CE9E030}.ReleaseFPic|Any CPU.Build.0 = ReleaseFPic|Any CPU
	EndGlobalSection
EndGlobal
